<?xml version="1.0" encoding="utf-8"?>
<Project ToolsVersion="4.0" xmlns="http://schemas.microsoft.com/developer/msbuild/2003">
  <ItemGroup>
    <Filter Include="BOJ Source File">
      <UniqueIdentifier>{fd1c3800-2879-47ad-b568-dfb1e72e528f}</UniqueIdentifier>
    </Filter>
    <Filter Include="Gori Problems">
      <UniqueIdentifier>{2827cd86-74b9-4e10-9af0-fdc699a05128}</UniqueIdentifier>
    </Filter>
    <Filter Include="BOJ Source File\1. 입출력과 사칙연산">
      <UniqueIdentifier>{6950a060-c510-4618-bf77-cd5ea2f3dcaa}</UniqueIdentifier>
    </Filter>
    <Filter Include="BOJ Source File\3. for문">
      <UniqueIdentifier>{b2573d37-584b-45a8-816f-58153dd6b02a}</UniqueIdentifier>
    </Filter>
    <Filter Include="BOJ Source File\4. while문">
      <UniqueIdentifier>{3cce7e54-a56a-4e0f-9284-d5c53c180459}</UniqueIdentifier>
    </Filter>
    <Filter Include="Gori Problems\문제집1. 알고리즘과 입출력">
      <UniqueIdentifier>{6c3a6323-d944-42a8-83fa-3a7fc051afac}</UniqueIdentifier>
    </Filter>
    <Filter Include="Gori Problems\문제집2. 자료구조 1">
      <UniqueIdentifier>{6f02251e-a261-4068-99af-531dfa67a893}</UniqueIdentifier>
    </Filter>
    <Filter Include="Gori Problems\문제집3. 정렬">
      <UniqueIdentifier>{12a4a13e-bb59-456b-a767-987e7a5c695e}</UniqueIdentifier>
    </Filter>
    <Filter Include="Gori Problems\문제집4. 수학 1">
      <UniqueIdentifier>{8db1766d-f78a-42a2-9f46-bc2ec24067df}</UniqueIdentifier>
    </Filter>
    <Filter Include="Gori Problems\문제집5. DP 1">
      <UniqueIdentifier>{3a966215-d57d-4e61-9c9c-93a61ea14c4a}</UniqueIdentifier>
    </Filter>
    <Filter Include="BOJ Source File\0. Default/Challenger">
      <UniqueIdentifier>{5996d03c-173a-4281-a1fa-22835f429294}</UniqueIdentifier>
    </Filter>
    <Filter Include="Gori Problems\문제집6. 그래프 1">
      <UniqueIdentifier>{baa04b9b-f7b1-4793-97da-a7cfe5cadd41}</UniqueIdentifier>
    </Filter>
    <Filter Include="BOJ Source File\2. if문">
      <UniqueIdentifier>{2cd1dcec-b7d7-4e0f-b1cd-479e757c3627}</UniqueIdentifier>
    </Filter>
    <Filter Include="BOJ Source File\5. 1차원 배열">
      <UniqueIdentifier>{0c026c75-fc15-4ef9-be9d-49d9d368e5aa}</UniqueIdentifier>
    </Filter>
    <Filter Include="BOJ Source File\6. 함수">
      <UniqueIdentifier>{bfd1a976-772b-4e87-9885-a2be0c6244a4}</UniqueIdentifier>
    </Filter>
    <Filter Include="BOJ Source File\7. 문자열">
      <UniqueIdentifier>{23cf1828-cb65-4f6b-ade8-2dfe180f84c1}</UniqueIdentifier>
    </Filter>
    <Filter Include="BOJ Source File\8. 기본 수학 1">
      <UniqueIdentifier>{fbbd0b95-d8dd-46c1-9de0-26e15277089d}</UniqueIdentifier>
    </Filter>
    <Filter Include="BOJ Source File\9. 기본 수학 2">
      <UniqueIdentifier>{5f35161e-c40b-453c-96ac-31c053cd109e}</UniqueIdentifier>
    </Filter>
    <Filter Include="BOJ Source File\10. 재귀">
      <UniqueIdentifier>{1c83ddd2-e480-485f-9ed0-018d7cd4bab2}</UniqueIdentifier>
    </Filter>
    <Filter Include="BOJ Source File\11. 브루트 포스">
      <UniqueIdentifier>{97048ecb-2fd1-42f9-8242-291057285659}</UniqueIdentifier>
    </Filter>
    <Filter Include="BOJ Source File\12. 정렬">
      <UniqueIdentifier>{76bb6244-69ae-4d18-8f00-78952e927d25}</UniqueIdentifier>
    </Filter>
    <Filter Include="BOJ Source File\13. 집합과 맵 %28수정 예정%29">
      <UniqueIdentifier>{31663a5f-3926-4b9d-a487-b04234e4760a}</UniqueIdentifier>
    </Filter>
    <Filter Include="BOJ Source File\14. 백트래킹">
      <UniqueIdentifier>{cb0f532b-e303-4827-89d5-938c62845c7d}</UniqueIdentifier>
    </Filter>
    <Filter Include="BOJ Source File\15. 동적 계획법 1">
      <UniqueIdentifier>{241266ae-7c84-4af8-80d1-e8639993008e}</UniqueIdentifier>
    </Filter>
    <Filter Include="BOJ Source File\16. 그리디 알고리즘">
      <UniqueIdentifier>{c6791652-cefe-4a4c-8c81-87b16697f7c3}</UniqueIdentifier>
    </Filter>
    <Filter Include="BOJ Source File\17. 정수론 및 조합론">
      <UniqueIdentifier>{73cab9fb-8e17-462d-84ab-35f6f2e7659c}</UniqueIdentifier>
    </Filter>
    <Filter Include="BOJ Source File\18. 스택">
      <UniqueIdentifier>{69ad5cee-ef7a-4759-89fa-9d18b81867cc}</UniqueIdentifier>
    </Filter>
    <Filter Include="BOJ Source File\19. 큐, 덱">
      <UniqueIdentifier>{07d33f3f-fcb2-40d9-b0cf-97aa4622df0b}</UniqueIdentifier>
    </Filter>
    <Filter Include="BOJ Source File\20. 분할 정복">
      <UniqueIdentifier>{41a6cc82-1c7b-4252-8472-3a0d91bdc676}</UniqueIdentifier>
    </Filter>
    <Filter Include="BOJ Source File\21. 이분 탐색">
      <UniqueIdentifier>{8ac84cd3-e4f1-4bce-8541-74058af40e88}</UniqueIdentifier>
    </Filter>
    <Filter Include="BOJ Source File\22. 우선순위 큐">
      <UniqueIdentifier>{536bd328-172f-43a3-ab29-7b0d96713479}</UniqueIdentifier>
    </Filter>
    <Filter Include="Gori Problems\18 Goricon">
      <UniqueIdentifier>{7f744eae-5c59-441c-b498-2044a881703c}</UniqueIdentifier>
    </Filter>
    <Filter Include="Gori Problems\19 Goricon">
      <UniqueIdentifier>{42aa30e1-56ea-4ff8-ae9b-3d4d98314ef6}</UniqueIdentifier>
    </Filter>
    <Filter Include="Gori Problems\20 Goricon">
      <UniqueIdentifier>{fa0ebf90-e296-46e4-9d3c-59e8638b98f2}</UniqueIdentifier>
    </Filter>
    <Filter Include="BOJ Source File\23. 동적 계획법 2">
      <UniqueIdentifier>{ee03f14e-c271-40f5-85c1-9f015b397a6c}</UniqueIdentifier>
    </Filter>
    <Filter Include="BOJ Source File\25. 최단 경로">
      <UniqueIdentifier>{6d16a281-4bbd-4fca-8826-701bb8ae5261}</UniqueIdentifier>
    </Filter>
    <Filter Include="BOJ Source File\24. DFS와 BFS">
      <UniqueIdentifier>{a2e0682a-0a36-42e4-ba8d-221a522a7fc7}</UniqueIdentifier>
    </Filter>
    <Filter Include="BOJ Source File\0. Default/Challenger\Bronze Killer">
      <UniqueIdentifier>{5bdc780c-5845-4c9d-ae8e-38a5e42624a8}</UniqueIdentifier>
    </Filter>
    <Filter Include="BOJ Source File\0. Default/Challenger\Star Dot">
      <UniqueIdentifier>{49bfacd1-a28a-44fb-b67f-86f57a3fbee8}</UniqueIdentifier>
    </Filter>
    <Filter Include="BOJ Source File\0. Default/Challenger\Pibbonachi">
      <UniqueIdentifier>{a6e06007-57b3-49a2-b035-c276731b4d12}</UniqueIdentifier>
    </Filter>
    <Filter Include="BOJ Source File\26. 투 포인터">
      <UniqueIdentifier>{40fa80f0-cd2a-43dd-81a9-80d79f8f4f63}</UniqueIdentifier>
    </Filter>
    <Filter Include="BOJ Source File\27. DP와 최단거리 역추적">
      <UniqueIdentifier>{253a9132-d853-4dc3-b729-4a7d2fc2e915}</UniqueIdentifier>
    </Filter>
    <Filter Include="BOJ Source File\28. 트리">
      <UniqueIdentifier>{a6840a11-b124-4055-883a-df60cc3d53ee}</UniqueIdentifier>
    </Filter>
    <Filter Include="BOJ Source File\30. 최소 신장 트리">
      <UniqueIdentifier>{dd144e6e-e1c4-4283-8202-87e8c1fae9cc}</UniqueIdentifier>
    </Filter>
    <Filter Include="BOJ Source File\32. 기하">
      <UniqueIdentifier>{ac938482-be17-4a2a-a4fb-353238d6ab4e}</UniqueIdentifier>
    </Filter>
    <Filter Include="BOJ Source File\33. 동적 계획법 3">
      <UniqueIdentifier>{84705138-7768-4ab8-879a-243e541e71da}</UniqueIdentifier>
    </Filter>
    <Filter Include="BOJ Source File\34. 문자열 알고리즘 1">
      <UniqueIdentifier>{1821060f-02f0-4d01-8efc-4819e89b6f7b}</UniqueIdentifier>
    </Filter>
    <Filter Include="BOJ Source File\SolvedAC Class %28장기 목표%29">
      <UniqueIdentifier>{d240fd61-8ed5-4b61-95c5-75f4dac34957}</UniqueIdentifier>
    </Filter>
    <Filter Include="BOJ Source File\35. 위상 정렬">
      <UniqueIdentifier>{2c83979d-f41b-4150-b56a-2ca3385f69e1}</UniqueIdentifier>
    </Filter>
    <Filter Include="BOJ Source File\36. 최소 공통 조상">
      <UniqueIdentifier>{3b341181-2189-4412-9dcd-0adbbd774234}</UniqueIdentifier>
    </Filter>
    <Filter Include="BOJ Source File\37. 강한 연결 요소">
      <UniqueIdentifier>{8c285243-8e87-4e57-9e2b-08b18b9e91c4}</UniqueIdentifier>
    </Filter>
    <Filter Include="BOJ Source File\38. 세그먼트 트리">
      <UniqueIdentifier>{11416218-752a-495b-8a44-cca1bedace6b}</UniqueIdentifier>
    </Filter>
    <Filter Include="BOJ Source File\29. 유니온 파인드">
      <UniqueIdentifier>{2aa936e3-a6b3-4962-822d-99eade5db31d}</UniqueIdentifier>
    </Filter>
    <Filter Include="BOJ Source File\31. 트리에서 동적 계획법 %282/4%29">
      <UniqueIdentifier>{ce7a9ff4-1858-4d7b-9a55-5a4921b0df70}</UniqueIdentifier>
    </Filter>
    <Filter Include="Gori Problems\문제집8. 트리 1">
      <UniqueIdentifier>{bea9413e-1195-4b49-ace5-099402ee59d8}</UniqueIdentifier>
    </Filter>
    <Filter Include="Gori Problems\문제집9. 완전 탐색 1">
      <UniqueIdentifier>{2ea04835-dde6-4e7a-a79d-abfcf96283e1}</UniqueIdentifier>
    </Filter>
    <Filter Include="Gori Problems\20_S_1">
      <UniqueIdentifier>{1bfb54b4-72c8-487c-9924-5d8db94b0d6a}</UniqueIdentifier>
    </Filter>
    <Filter Include="Gori Problems\20_S_2">
      <UniqueIdentifier>{17d61edf-713f-4a1f-ad29-2ab25aedb2e8}</UniqueIdentifier>
    </Filter>
    <Filter Include="Gori Problems\20_S_3">
      <UniqueIdentifier>{469da585-1192-452d-bf71-c3b19fef8120}</UniqueIdentifier>
    </Filter>
    <Filter Include="Gori Problems\20_S_4">
      <UniqueIdentifier>{f2d82fe4-0166-4b20-ad92-d9037fbefe17}</UniqueIdentifier>
    </Filter>
    <Filter Include="Gori Problems\20_W_1">
      <UniqueIdentifier>{7be134e2-760a-4616-b4fa-5541d68680c8}</UniqueIdentifier>
    </Filter>
    <Filter Include="Gori Problems\20_W_2">
      <UniqueIdentifier>{49bb5e1a-c56f-4536-9c62-34d5dce274a8}</UniqueIdentifier>
    </Filter>
    <Filter Include="Gori Problems\20_W_3">
      <UniqueIdentifier>{9a723e96-9434-41d2-8819-cfbd4daaf6ae}</UniqueIdentifier>
    </Filter>
    <Filter Include="Gori Problems\20_W_4">
      <UniqueIdentifier>{8a6a6c23-5d54-4c9a-8039-4a2bff2b80c2}</UniqueIdentifier>
    </Filter>
    <Filter Include="Gori Problems\21_S_1">
      <UniqueIdentifier>{8b9d161e-ed40-4313-a6ad-7b507f1995fb}</UniqueIdentifier>
    </Filter>
    <Filter Include="Gori Problems\21_S_2">
      <UniqueIdentifier>{41cc15f1-569f-4998-b7cd-7c0f125996db}</UniqueIdentifier>
    </Filter>
    <Filter Include="Gori Problems\21_S_3">
      <UniqueIdentifier>{740c5927-4451-441f-8aa8-cb88e715fcec}</UniqueIdentifier>
    </Filter>
    <Filter Include="Gori Problems\21_S_5">
      <UniqueIdentifier>{bb7ad53f-6d2a-40d9-b4bf-3fcdda2d895c}</UniqueIdentifier>
    </Filter>
    <Filter Include="Gori Problems\20_1_1. PS 기초">
      <UniqueIdentifier>{f4177399-b641-445b-aec4-1828a8ce902c}</UniqueIdentifier>
    </Filter>
    <Filter Include="Gori Problems\20_1_2. DP">
      <UniqueIdentifier>{a6539c1d-6b38-4407-9003-a355ebe99581}</UniqueIdentifier>
    </Filter>
    <Filter Include="Gori Problems\20_1_3. Greedy">
      <UniqueIdentifier>{c27595c1-1568-4fb0-8811-7f1dcd6efb25}</UniqueIdentifier>
    </Filter>
    <Filter Include="Gori Problems\20_1_4. Graph">
      <UniqueIdentifier>{a97777bc-15ff-490b-9b6b-e807486fd3e6}</UniqueIdentifier>
    </Filter>
    <Filter Include="Gori Problems\20_1_5. 브루트포스와 백트래킹">
      <UniqueIdentifier>{eb89b0fd-6001-4bce-85f4-49444a7ff6d6}</UniqueIdentifier>
    </Filter>
    <Filter Include="Gori Problems\20_2_1. 플로이드">
      <UniqueIdentifier>{da4f11b2-44b0-4b5d-8948-a154356462a7}</UniqueIdentifier>
    </Filter>
    <Filter Include="Gori Problems\20_2_2. 다익스트라">
      <UniqueIdentifier>{9c0e2471-ec08-45a3-b4ab-2ad0b6e85f4d}</UniqueIdentifier>
    </Filter>
    <Filter Include="Gori Problems\20_2_3. 이항 계수">
      <UniqueIdentifier>{dbbfb8dd-f54d-4182-af2d-4e2e0cf189cb}</UniqueIdentifier>
    </Filter>
    <Filter Include="Gori Problems\21_2_1">
      <UniqueIdentifier>{9c109a80-2231-48c1-9ac8-4f48b54fc55a}</UniqueIdentifier>
    </Filter>
    <Filter Include="Gori Problems\21_2_2">
      <UniqueIdentifier>{011dc640-9525-4e0f-b2f2-a6ec9babf4b9}</UniqueIdentifier>
    </Filter>
    <Filter Include="Gori Problems\21_2_3">
      <UniqueIdentifier>{e699b3b6-ffaa-4abb-bb50-8939ddafe7e9}</UniqueIdentifier>
    </Filter>
    <Filter Include="Gori Problems\21_2_4">
      <UniqueIdentifier>{330d95f5-77e9-477b-8c7a-818665bfa072}</UniqueIdentifier>
    </Filter>
    <Filter Include="Gori Problems\21_2_5">
      <UniqueIdentifier>{ec468b74-f501-4911-a96f-5f821290bb66}</UniqueIdentifier>
    </Filter>
    <Filter Include="Gori Problems\21_2_6">
      <UniqueIdentifier>{42d2bf48-3b74-4a8b-864f-5964490251c2}</UniqueIdentifier>
    </Filter>
    <Filter Include="Gori Problems\21_2_7">
      <UniqueIdentifier>{0602f767-ba4f-43da-95f8-8cd799a757d2}</UniqueIdentifier>
    </Filter>
    <Filter Include="Gori Problems\21_2_8">
      <UniqueIdentifier>{1663528e-ef38-46c5-b5b3-aeda4f0456b9}</UniqueIdentifier>
    </Filter>
    <Filter Include="Gori Problems\문제집7. 분할 정복">
      <UniqueIdentifier>{1c3cfa6c-e258-41f8-aa0f-2ae7d4d145f9}</UniqueIdentifier>
    </Filter>
    <Filter Include="Gori Problems\21_W_1">
      <UniqueIdentifier>{7a604bfc-e8af-4154-8aec-b384dd14e866}</UniqueIdentifier>
    </Filter>
    <Filter Include="Gori Problems\21_W_2">
      <UniqueIdentifier>{d15ecee1-57a9-4e0d-9e3f-b301b7a736c3}</UniqueIdentifier>
    </Filter>
    <Filter Include="Gori Problems\21_W_3">
      <UniqueIdentifier>{2fdade2b-8004-4edb-a68b-a312655eb300}</UniqueIdentifier>
    </Filter>
    <Filter Include="Gori Problems\21_W_4">
      <UniqueIdentifier>{b91016b5-3599-4346-9b2c-c29f64d4bd46}</UniqueIdentifier>
    </Filter>
    <Filter Include="Gori Problems\21_W_5">
      <UniqueIdentifier>{5851a664-e10f-4d8e-bad6-7edd07a605d0}</UniqueIdentifier>
    </Filter>
    <Filter Include="Gori Problems\21_W_6">
      <UniqueIdentifier>{c0fa611f-7fee-4bf2-81e1-bdb273159610}</UniqueIdentifier>
    </Filter>
    <Filter Include="Gori Problems\21_W_7">
      <UniqueIdentifier>{2d7597b5-e240-4ed0-ac71-d87578f23cd8}</UniqueIdentifier>
    </Filter>
    <Filter Include="Gori Problems\21_W_8">
      <UniqueIdentifier>{df1a0ff1-6e7b-4995-b0fd-d58a597ae98e}</UniqueIdentifier>
    </Filter>
    <Filter Include="Gori Problems\21_W_9">
      <UniqueIdentifier>{6519da62-a5c1-4725-8bc0-0c7517519e70}</UniqueIdentifier>
    </Filter>
    <Filter Include="Gori Problems\22_1_1">
      <UniqueIdentifier>{b5f0d43e-c658-444d-b2c5-9f07ec574b5b}</UniqueIdentifier>
    </Filter>
    <Filter Include="Gori Problems\22_1_2">
      <UniqueIdentifier>{852dc602-a2c8-4c03-a2de-8aed162acb51}</UniqueIdentifier>
    </Filter>
    <Filter Include="Gori Problems\22_1_3">
      <UniqueIdentifier>{1d743892-3fdb-444b-aa81-8cb13e7a6afa}</UniqueIdentifier>
    </Filter>
    <Filter Include="Gori Problems\22_1_4">
      <UniqueIdentifier>{1887c6b4-d275-46c8-9c1a-d2eb352e4743}</UniqueIdentifier>
    </Filter>
    <Filter Include="Gori Problems\22_1_5">
      <UniqueIdentifier>{9b02945d-e4f5-4c6e-a7a2-f3aa5b50923a}</UniqueIdentifier>
    </Filter>
    <Filter Include="Gori Problems\22_1_6">
      <UniqueIdentifier>{79012391-1d98-4101-817f-4f33971820a7}</UniqueIdentifier>
    </Filter>
    <Filter Include="Gori Problems\22_1_7">
      <UniqueIdentifier>{e19435f5-c356-4ecf-9135-01e5aff9a5ff}</UniqueIdentifier>
    </Filter>
    <Filter Include="Gori Problems\22_W_1%28Boardgame Cup%29">
      <UniqueIdentifier>{61fd03a4-e045-481d-9f7b-b4deb8e25978}</UniqueIdentifier>
    </Filter>
    <Filter Include="Gori Problems\22_W_2%28SinchonWCamp 2021%29">
      <UniqueIdentifier>{084b6208-139f-49b0-a1c6-8c502203677f}</UniqueIdentifier>
    </Filter>
    <Filter Include="Gori Problems\22_W_3%28SciOI22%29">
      <UniqueIdentifier>{65e39a15-d63a-4643-af4d-d07fe6f94b83}</UniqueIdentifier>
    </Filter>
    <Filter Include="Gori Problems\22_W_5%28K2022Div2%29">
      <UniqueIdentifier>{a87eaee1-6394-4711-b07f-aa6d25abd551}</UniqueIdentifier>
    </Filter>
    <Filter Include="Gori Problems\22_1_8">
      <UniqueIdentifier>{dde78add-da32-4439-9850-1f6a5ac048c7}</UniqueIdentifier>
    </Filter>
    <Filter Include="Gori Problems\22_1_9">
      <UniqueIdentifier>{e460f5ee-b335-4daa-bf8c-c0d396781704}</UniqueIdentifier>
    </Filter>
    <Filter Include="Gori Problems\22_1_10">
      <UniqueIdentifier>{121ab683-c852-4aa5-ad91-1410f4788f9e}</UniqueIdentifier>
    </Filter>
    <Filter Include="Gori Problems\22_1_11">
      <UniqueIdentifier>{79b31c39-f265-47d8-b579-19b8b61fcbb6}</UniqueIdentifier>
    </Filter>
  </ItemGroup>
  <ItemGroup>
    <ClCompile Include="1008.c">
      <Filter>BOJ Source File\1. 입출력과 사칙연산</Filter>
    </ClCompile>
    <ClCompile Include="2557.c">
      <Filter>BOJ Source File\1. 입출력과 사칙연산</Filter>
    </ClCompile>
    <ClCompile Include="2588.c">
      <Filter>BOJ Source File\1. 입출력과 사칙연산</Filter>
    </ClCompile>
    <ClCompile Include="10171.c">
      <Filter>BOJ Source File\1. 입출력과 사칙연산</Filter>
    </ClCompile>
    <ClCompile Include="10172.c">
      <Filter>BOJ Source File\1. 입출력과 사칙연산</Filter>
    </ClCompile>
    <ClCompile Include="10430.c">
      <Filter>BOJ Source File\1. 입출력과 사칙연산</Filter>
    </ClCompile>
    <ClCompile Include="10718.c">
      <Filter>BOJ Source File\1. 입출력과 사칙연산</Filter>
    </ClCompile>
    <ClCompile Include="1000.c">
      <Filter>BOJ Source File\1. 입출력과 사칙연산</Filter>
    </ClCompile>
    <ClCompile Include="1001.c">
      <Filter>BOJ Source File\1. 입출력과 사칙연산</Filter>
    </ClCompile>
    <ClCompile Include="10998.c">
      <Filter>BOJ Source File\1. 입출력과 사칙연산</Filter>
    </ClCompile>
    <ClCompile Include="1475.c">
      <Filter>BOJ Source File\0. Default/Challenger</Filter>
    </ClCompile>
    <ClCompile Include="6064.c">
      <Filter>BOJ Source File\0. Default/Challenger</Filter>
    </ClCompile>
    <ClCompile Include="18111.c">
      <Filter>BOJ Source File\0. Default/Challenger</Filter>
    </ClCompile>
    <ClCompile Include="10869.c">
      <Filter>BOJ Source File\1. 입출력과 사칙연산</Filter>
    </ClCompile>
    <ClCompile Include="1330.c">
      <Filter>BOJ Source File\2. if문</Filter>
    </ClCompile>
    <ClCompile Include="9498.c">
      <Filter>BOJ Source File\2. if문</Filter>
    </ClCompile>
    <ClCompile Include="2753.c">
      <Filter>BOJ Source File\2. if문</Filter>
    </ClCompile>
    <ClCompile Include="2884.c">
      <Filter>BOJ Source File\2. if문</Filter>
    </ClCompile>
    <ClCompile Include="8393.c">
      <Filter>BOJ Source File\3. for문</Filter>
    </ClCompile>
    <ClCompile Include="15552.c">
      <Filter>BOJ Source File\3. for문</Filter>
    </ClCompile>
    <ClCompile Include="10871.c">
      <Filter>BOJ Source File\3. for문</Filter>
    </ClCompile>
    <ClCompile Include="2739.c">
      <Filter>BOJ Source File\3. for문</Filter>
    </ClCompile>
    <ClCompile Include="10950.c">
      <Filter>BOJ Source File\3. for문</Filter>
    </ClCompile>
    <ClCompile Include="2741.c">
      <Filter>BOJ Source File\3. for문</Filter>
    </ClCompile>
    <ClCompile Include="2742.c">
      <Filter>BOJ Source File\3. for문</Filter>
    </ClCompile>
    <ClCompile Include="11021.c">
      <Filter>BOJ Source File\3. for문</Filter>
    </ClCompile>
    <ClCompile Include="11022.c">
      <Filter>BOJ Source File\3. for문</Filter>
    </ClCompile>
    <ClCompile Include="2438.c">
      <Filter>BOJ Source File\3. for문</Filter>
    </ClCompile>
    <ClCompile Include="2439.c">
      <Filter>BOJ Source File\3. for문</Filter>
    </ClCompile>
    <ClCompile Include="1110.c">
      <Filter>BOJ Source File\4. while문</Filter>
    </ClCompile>
    <ClCompile Include="10951.c">
      <Filter>BOJ Source File\4. while문</Filter>
    </ClCompile>
    <ClCompile Include="10952.c">
      <Filter>BOJ Source File\4. while문</Filter>
    </ClCompile>
    <ClCompile Include="1546.c">
      <Filter>BOJ Source File\5. 1차원 배열</Filter>
    </ClCompile>
    <ClCompile Include="2577.c">
      <Filter>BOJ Source File\5. 1차원 배열</Filter>
    </ClCompile>
    <ClCompile Include="8958.c">
      <Filter>BOJ Source File\5. 1차원 배열</Filter>
    </ClCompile>
    <ClCompile Include="4344.c">
      <Filter>BOJ Source File\5. 1차원 배열</Filter>
    </ClCompile>
    <ClCompile Include="3052.c">
      <Filter>BOJ Source File\5. 1차원 배열</Filter>
    </ClCompile>
    <ClCompile Include="2562.c">
      <Filter>BOJ Source File\5. 1차원 배열</Filter>
    </ClCompile>
    <ClCompile Include="10818.c">
      <Filter>BOJ Source File\5. 1차원 배열</Filter>
    </ClCompile>
    <ClCompile Include="15596.c">
      <Filter>BOJ Source File\6. 함수</Filter>
    </ClCompile>
    <ClCompile Include="4673.c">
      <Filter>BOJ Source File\6. 함수</Filter>
    </ClCompile>
    <ClCompile Include="1065.c">
      <Filter>BOJ Source File\6. 함수</Filter>
    </ClCompile>
    <ClCompile Include="11654.c">
      <Filter>BOJ Source File\7. 문자열</Filter>
    </ClCompile>
    <ClCompile Include="11720.c">
      <Filter>BOJ Source File\7. 문자열</Filter>
    </ClCompile>
    <ClCompile Include="10809.c">
      <Filter>BOJ Source File\7. 문자열</Filter>
    </ClCompile>
    <ClCompile Include="2675.c">
      <Filter>BOJ Source File\7. 문자열</Filter>
    </ClCompile>
    <ClCompile Include="1157.c">
      <Filter>BOJ Source File\7. 문자열</Filter>
    </ClCompile>
    <ClCompile Include="1152.c">
      <Filter>BOJ Source File\7. 문자열</Filter>
    </ClCompile>
    <ClCompile Include="2908.c">
      <Filter>BOJ Source File\7. 문자열</Filter>
    </ClCompile>
    <ClCompile Include="5622.c">
      <Filter>BOJ Source File\7. 문자열</Filter>
    </ClCompile>
    <ClCompile Include="2941.c">
      <Filter>BOJ Source File\7. 문자열</Filter>
    </ClCompile>
    <ClCompile Include="1316.c">
      <Filter>BOJ Source File\7. 문자열</Filter>
    </ClCompile>
    <ClCompile Include="1712.c">
      <Filter>BOJ Source File\8. 기본 수학 1</Filter>
    </ClCompile>
    <ClCompile Include="2839.c">
      <Filter>BOJ Source File\8. 기본 수학 1</Filter>
    </ClCompile>
    <ClCompile Include="2292.c">
      <Filter>BOJ Source File\8. 기본 수학 1</Filter>
    </ClCompile>
    <ClCompile Include="1193.c">
      <Filter>BOJ Source File\8. 기본 수학 1</Filter>
    </ClCompile>
    <ClCompile Include="2869.c">
      <Filter>BOJ Source File\8. 기본 수학 1</Filter>
    </ClCompile>
    <ClCompile Include="10250.c">
      <Filter>BOJ Source File\8. 기본 수학 1</Filter>
    </ClCompile>
    <ClCompile Include="2775.c">
      <Filter>BOJ Source File\8. 기본 수학 1</Filter>
    </ClCompile>
    <ClCompile Include="1011.c">
      <Filter>BOJ Source File\8. 기본 수학 1</Filter>
    </ClCompile>
    <ClCompile Include="1978.c">
      <Filter>BOJ Source File\9. 기본 수학 2</Filter>
    </ClCompile>
    <ClCompile Include="2581.c">
      <Filter>BOJ Source File\9. 기본 수학 2</Filter>
    </ClCompile>
    <ClCompile Include="1929.c">
      <Filter>BOJ Source File\9. 기본 수학 2</Filter>
    </ClCompile>
    <ClCompile Include="4948.c">
      <Filter>BOJ Source File\9. 기본 수학 2</Filter>
    </ClCompile>
    <ClCompile Include="9020.c">
      <Filter>BOJ Source File\9. 기본 수학 2</Filter>
    </ClCompile>
    <ClCompile Include="1085.c">
      <Filter>BOJ Source File\9. 기본 수학 2</Filter>
    </ClCompile>
    <ClCompile Include="3009.c">
      <Filter>BOJ Source File\9. 기본 수학 2</Filter>
    </ClCompile>
    <ClCompile Include="4153.c">
      <Filter>BOJ Source File\9. 기본 수학 2</Filter>
    </ClCompile>
    <ClCompile Include="3053.c">
      <Filter>BOJ Source File\9. 기본 수학 2</Filter>
    </ClCompile>
    <ClCompile Include="1002.c">
      <Filter>BOJ Source File\9. 기본 수학 2</Filter>
    </ClCompile>
    <ClCompile Include="10872.c">
      <Filter>BOJ Source File\10. 재귀</Filter>
    </ClCompile>
    <ClCompile Include="10870.c">
      <Filter>BOJ Source File\10. 재귀</Filter>
    </ClCompile>
    <ClCompile Include="11729.c">
      <Filter>BOJ Source File\10. 재귀</Filter>
    </ClCompile>
    <ClCompile Include="2447.c">
      <Filter>BOJ Source File\10. 재귀</Filter>
    </ClCompile>
    <ClCompile Include="2798.c">
      <Filter>BOJ Source File\11. 브루트 포스</Filter>
    </ClCompile>
    <ClCompile Include="2231.c">
      <Filter>BOJ Source File\11. 브루트 포스</Filter>
    </ClCompile>
    <ClCompile Include="7568.c">
      <Filter>BOJ Source File\11. 브루트 포스</Filter>
    </ClCompile>
    <ClCompile Include="1018.c">
      <Filter>BOJ Source File\11. 브루트 포스</Filter>
    </ClCompile>
    <ClCompile Include="1436.c">
      <Filter>BOJ Source File\11. 브루트 포스</Filter>
    </ClCompile>
    <ClCompile Include="2750.c">
      <Filter>BOJ Source File\12. 정렬</Filter>
    </ClCompile>
    <ClCompile Include="2751.c">
      <Filter>BOJ Source File\12. 정렬</Filter>
    </ClCompile>
    <ClCompile Include="10989.c">
      <Filter>BOJ Source File\12. 정렬</Filter>
    </ClCompile>
    <ClCompile Include="2108.c">
      <Filter>BOJ Source File\12. 정렬</Filter>
    </ClCompile>
    <ClCompile Include="1427.c">
      <Filter>BOJ Source File\12. 정렬</Filter>
    </ClCompile>
    <ClCompile Include="11650.c">
      <Filter>BOJ Source File\12. 정렬</Filter>
    </ClCompile>
    <ClCompile Include="11651.c">
      <Filter>BOJ Source File\12. 정렬</Filter>
    </ClCompile>
    <ClCompile Include="10814.c">
      <Filter>BOJ Source File\12. 정렬</Filter>
    </ClCompile>
    <ClCompile Include="1181.c">
      <Filter>BOJ Source File\12. 정렬</Filter>
    </ClCompile>
    <ClCompile Include="15649.c">
      <Filter>BOJ Source File\14. 백트래킹</Filter>
    </ClCompile>
    <ClCompile Include="15650.c">
      <Filter>BOJ Source File\14. 백트래킹</Filter>
    </ClCompile>
    <ClCompile Include="15651.c">
      <Filter>BOJ Source File\14. 백트래킹</Filter>
    </ClCompile>
    <ClCompile Include="15652.c">
      <Filter>BOJ Source File\14. 백트래킹</Filter>
    </ClCompile>
    <ClCompile Include="14888.c">
      <Filter>BOJ Source File\14. 백트래킹</Filter>
    </ClCompile>
    <ClCompile Include="14889.c">
      <Filter>BOJ Source File\14. 백트래킹</Filter>
    </ClCompile>
    <ClCompile Include="2580.c">
      <Filter>BOJ Source File\14. 백트래킹</Filter>
    </ClCompile>
    <ClCompile Include="9663.c">
      <Filter>BOJ Source File\14. 백트래킹</Filter>
    </ClCompile>
    <ClCompile Include="1003.c">
      <Filter>BOJ Source File\15. 동적 계획법 1</Filter>
    </ClCompile>
    <ClCompile Include="1904.c">
      <Filter>BOJ Source File\15. 동적 계획법 1</Filter>
    </ClCompile>
    <ClCompile Include="9461.c">
      <Filter>BOJ Source File\15. 동적 계획법 1</Filter>
    </ClCompile>
    <ClCompile Include="1149.c">
      <Filter>BOJ Source File\15. 동적 계획법 1</Filter>
    </ClCompile>
    <ClCompile Include="1932.c">
      <Filter>BOJ Source File\15. 동적 계획법 1</Filter>
    </ClCompile>
    <ClCompile Include="2579.c">
      <Filter>BOJ Source File\15. 동적 계획법 1</Filter>
    </ClCompile>
    <ClCompile Include="1463.c">
      <Filter>BOJ Source File\15. 동적 계획법 1</Filter>
    </ClCompile>
    <ClCompile Include="10844.c">
      <Filter>BOJ Source File\15. 동적 계획법 1</Filter>
    </ClCompile>
    <ClCompile Include="2156.c">
      <Filter>BOJ Source File\15. 동적 계획법 1</Filter>
    </ClCompile>
    <ClCompile Include="11053.c">
      <Filter>BOJ Source File\15. 동적 계획법 1</Filter>
    </ClCompile>
    <ClCompile Include="11054.c">
      <Filter>BOJ Source File\15. 동적 계획법 1</Filter>
    </ClCompile>
    <ClCompile Include="2565.c">
      <Filter>BOJ Source File\15. 동적 계획법 1</Filter>
    </ClCompile>
    <ClCompile Include="9251.c">
      <Filter>BOJ Source File\15. 동적 계획법 1</Filter>
    </ClCompile>
    <ClCompile Include="1912.c">
      <Filter>BOJ Source File\15. 동적 계획법 1</Filter>
    </ClCompile>
    <ClCompile Include="12865.c">
      <Filter>BOJ Source File\15. 동적 계획법 1</Filter>
    </ClCompile>
    <ClCompile Include="11047.c">
      <Filter>BOJ Source File\16. 그리디 알고리즘</Filter>
    </ClCompile>
    <ClCompile Include="1931.c">
      <Filter>BOJ Source File\16. 그리디 알고리즘</Filter>
    </ClCompile>
    <ClCompile Include="11399.c">
      <Filter>BOJ Source File\16. 그리디 알고리즘</Filter>
    </ClCompile>
    <ClCompile Include="1541.c">
      <Filter>BOJ Source File\16. 그리디 알고리즘</Filter>
    </ClCompile>
    <ClCompile Include="5086.c">
      <Filter>BOJ Source File\17. 정수론 및 조합론</Filter>
    </ClCompile>
    <ClCompile Include="1037.c">
      <Filter>BOJ Source File\17. 정수론 및 조합론</Filter>
    </ClCompile>
    <ClCompile Include="2609.c">
      <Filter>BOJ Source File\17. 정수론 및 조합론</Filter>
    </ClCompile>
    <ClCompile Include="2981.c">
      <Filter>BOJ Source File\17. 정수론 및 조합론</Filter>
    </ClCompile>
    <ClCompile Include="3036.c">
      <Filter>BOJ Source File\17. 정수론 및 조합론</Filter>
    </ClCompile>
    <ClCompile Include="11050.c">
      <Filter>BOJ Source File\17. 정수론 및 조합론</Filter>
    </ClCompile>
    <ClCompile Include="11051.c">
      <Filter>BOJ Source File\17. 정수론 및 조합론</Filter>
    </ClCompile>
    <ClCompile Include="9375.c">
      <Filter>BOJ Source File\17. 정수론 및 조합론</Filter>
    </ClCompile>
    <ClCompile Include="1676.c">
      <Filter>BOJ Source File\17. 정수론 및 조합론</Filter>
    </ClCompile>
    <ClCompile Include="2004.c">
      <Filter>BOJ Source File\17. 정수론 및 조합론</Filter>
    </ClCompile>
    <ClCompile Include="10828.c">
      <Filter>BOJ Source File\18. 스택</Filter>
    </ClCompile>
    <ClCompile Include="10773.c">
      <Filter>BOJ Source File\18. 스택</Filter>
    </ClCompile>
    <ClCompile Include="9012.c">
      <Filter>BOJ Source File\18. 스택</Filter>
    </ClCompile>
    <ClCompile Include="4949.c">
      <Filter>BOJ Source File\18. 스택</Filter>
    </ClCompile>
    <ClCompile Include="1874.c">
      <Filter>BOJ Source File\18. 스택</Filter>
    </ClCompile>
    <ClCompile Include="18258.c">
      <Filter>BOJ Source File\19. 큐, 덱</Filter>
    </ClCompile>
    <ClCompile Include="11866.c">
      <Filter>BOJ Source File\19. 큐, 덱</Filter>
    </ClCompile>
    <ClCompile Include="2164.c">
      <Filter>BOJ Source File\19. 큐, 덱</Filter>
    </ClCompile>
    <ClCompile Include="1966.c">
      <Filter>BOJ Source File\19. 큐, 덱</Filter>
    </ClCompile>
    <ClCompile Include="10866.c">
      <Filter>BOJ Source File\19. 큐, 덱</Filter>
    </ClCompile>
    <ClCompile Include="1021.c">
      <Filter>BOJ Source File\19. 큐, 덱</Filter>
    </ClCompile>
    <ClCompile Include="5430.c">
      <Filter>BOJ Source File\19. 큐, 덱</Filter>
    </ClCompile>
    <ClCompile Include="2261.c">
      <Filter>BOJ Source File\20. 분할 정복</Filter>
    </ClCompile>
    <ClCompile Include="6549.c">
      <Filter>BOJ Source File\20. 분할 정복</Filter>
    </ClCompile>
    <ClCompile Include="10830.c">
      <Filter>BOJ Source File\20. 분할 정복</Filter>
    </ClCompile>
    <ClCompile Include="2740.c">
      <Filter>BOJ Source File\20. 분할 정복</Filter>
    </ClCompile>
    <ClCompile Include="11401.c">
      <Filter>BOJ Source File\20. 분할 정복</Filter>
    </ClCompile>
    <ClCompile Include="1629.c">
      <Filter>BOJ Source File\20. 분할 정복</Filter>
    </ClCompile>
    <ClCompile Include="1780.c">
      <Filter>BOJ Source File\20. 분할 정복</Filter>
    </ClCompile>
    <ClCompile Include="1992.c">
      <Filter>BOJ Source File\20. 분할 정복</Filter>
    </ClCompile>
    <ClCompile Include="2630.c">
      <Filter>BOJ Source File\20. 분할 정복</Filter>
    </ClCompile>
    <ClCompile Include="1920.c">
      <Filter>BOJ Source File\21. 이분 탐색</Filter>
    </ClCompile>
    <ClCompile Include="10816.c">
      <Filter>BOJ Source File\21. 이분 탐색</Filter>
    </ClCompile>
    <ClCompile Include="1654.c">
      <Filter>BOJ Source File\21. 이분 탐색</Filter>
    </ClCompile>
    <ClCompile Include="2805.c">
      <Filter>BOJ Source File\21. 이분 탐색</Filter>
    </ClCompile>
    <ClCompile Include="2110.c">
      <Filter>BOJ Source File\21. 이분 탐색</Filter>
    </ClCompile>
    <ClCompile Include="1300.c">
      <Filter>BOJ Source File\21. 이분 탐색</Filter>
    </ClCompile>
    <ClCompile Include="12015.c">
      <Filter>BOJ Source File\21. 이분 탐색</Filter>
    </ClCompile>
    <ClCompile Include="11279.c">
      <Filter>BOJ Source File\22. 우선순위 큐</Filter>
    </ClCompile>
    <ClCompile Include="1927.c">
      <Filter>BOJ Source File\22. 우선순위 큐</Filter>
    </ClCompile>
    <ClCompile Include="11286.c">
      <Filter>BOJ Source File\22. 우선순위 큐</Filter>
    </ClCompile>
    <ClCompile Include="1655.c">
      <Filter>BOJ Source File\22. 우선순위 큐</Filter>
    </ClCompile>
    <ClCompile Include="1260.c">
      <Filter>BOJ Source File\24. DFS와 BFS</Filter>
    </ClCompile>
    <ClCompile Include="2558.c">
      <Filter>Gori Problems\문제집1. 알고리즘과 입출력</Filter>
    </ClCompile>
    <ClCompile Include="10953.c">
      <Filter>Gori Problems\문제집1. 알고리즘과 입출력</Filter>
    </ClCompile>
    <ClCompile Include="11718.c">
      <Filter>Gori Problems\문제집1. 알고리즘과 입출력</Filter>
    </ClCompile>
    <ClCompile Include="11719.c">
      <Filter>Gori Problems\문제집1. 알고리즘과 입출력</Filter>
    </ClCompile>
    <ClCompile Include="11721.c">
      <Filter>Gori Problems\문제집1. 알고리즘과 입출력</Filter>
    </ClCompile>
    <ClCompile Include="1924.c">
      <Filter>Gori Problems\문제집1. 알고리즘과 입출력</Filter>
    </ClCompile>
    <ClCompile Include="10799.c">
      <Filter>Gori Problems\문제집2. 자료구조 1</Filter>
    </ClCompile>
    <ClCompile Include="10845.c">
      <Filter>Gori Problems\문제집2. 자료구조 1</Filter>
    </ClCompile>
    <ClCompile Include="10808.c">
      <Filter>Gori Problems\문제집2. 자료구조 1</Filter>
    </ClCompile>
    <ClCompile Include="10820.c">
      <Filter>Gori Problems\문제집2. 자료구조 1</Filter>
    </ClCompile>
    <ClCompile Include="11655.c">
      <Filter>Gori Problems\문제집2. 자료구조 1</Filter>
    </ClCompile>
    <ClCompile Include="2743.c">
      <Filter>Gori Problems\문제집2. 자료구조 1</Filter>
    </ClCompile>
    <ClCompile Include="10824.c">
      <Filter>Gori Problems\문제집2. 자료구조 1</Filter>
    </ClCompile>
    <ClCompile Include="11656.c">
      <Filter>Gori Problems\문제집2. 자료구조 1</Filter>
    </ClCompile>
    <ClCompile Include="10825.c">
      <Filter>Gori Problems\문제집3. 정렬</Filter>
    </ClCompile>
    <ClCompile Include="11004.c">
      <Filter>Gori Problems\문제집3. 정렬</Filter>
    </ClCompile>
    <ClCompile Include="11652.c">
      <Filter>Gori Problems\문제집3. 정렬</Filter>
    </ClCompile>
    <ClCompile Include="11005.c">
      <Filter>Gori Problems\문제집4. 수학 1</Filter>
    </ClCompile>
    <ClCompile Include="9613.c">
      <Filter>Gori Problems\문제집4. 수학 1</Filter>
    </ClCompile>
    <ClCompile Include="1850.c">
      <Filter>Gori Problems\문제집4. 수학 1</Filter>
    </ClCompile>
    <ClCompile Include="2745.c">
      <Filter>Gori Problems\문제집4. 수학 1</Filter>
    </ClCompile>
    <ClCompile Include="1373.c">
      <Filter>Gori Problems\문제집4. 수학 1</Filter>
    </ClCompile>
    <ClCompile Include="1212.c">
      <Filter>Gori Problems\문제집4. 수학 1</Filter>
    </ClCompile>
    <ClCompile Include="2089.c">
      <Filter>Gori Problems\문제집4. 수학 1</Filter>
    </ClCompile>
    <ClCompile Include="11576.c">
      <Filter>Gori Problems\문제집4. 수학 1</Filter>
    </ClCompile>
    <ClCompile Include="6588.c">
      <Filter>Gori Problems\문제집4. 수학 1</Filter>
    </ClCompile>
    <ClCompile Include="11726.c">
      <Filter>Gori Problems\문제집5. DP 1</Filter>
    </ClCompile>
    <ClCompile Include="11727.c">
      <Filter>Gori Problems\문제집5. DP 1</Filter>
    </ClCompile>
    <ClCompile Include="9095.c">
      <Filter>Gori Problems\문제집5. DP 1</Filter>
    </ClCompile>
    <ClCompile Include="11057.c">
      <Filter>Gori Problems\문제집5. DP 1</Filter>
    </ClCompile>
    <ClCompile Include="2225.c">
      <Filter>Gori Problems\문제집5. DP 1</Filter>
    </ClCompile>
    <ClCompile Include="11052.c">
      <Filter>Gori Problems\문제집5. DP 1</Filter>
    </ClCompile>
    <ClCompile Include="1699.c">
      <Filter>Gori Problems\문제집5. DP 1</Filter>
    </ClCompile>
    <ClCompile Include="2193.c">
      <Filter>Gori Problems\문제집5. DP 1</Filter>
    </ClCompile>
    <ClCompile Include="2133.c">
      <Filter>Gori Problems\문제집5. DP 1</Filter>
    </ClCompile>
    <ClCompile Include="9465.c">
      <Filter>Gori Problems\문제집5. DP 1</Filter>
    </ClCompile>
    <ClCompile Include="11055.c">
      <Filter>Gori Problems\문제집5. DP 1</Filter>
    </ClCompile>
    <ClCompile Include="11722.c">
      <Filter>Gori Problems\문제집5. DP 1</Filter>
    </ClCompile>
    <ClCompile Include="2011.c">
      <Filter>Gori Problems\문제집5. DP 1</Filter>
    </ClCompile>
    <ClCompile Include="11724.c">
      <Filter>Gori Problems\문제집6. 그래프 1</Filter>
    </ClCompile>
    <ClCompile Include="13159%28hard unso%29.c">
      <Filter>BOJ Source File\0. Default/Challenger</Filter>
    </ClCompile>
    <ClCompile Include="2557.cpp">
      <Filter>Gori Problems\20_1_1. PS 기초</Filter>
    </ClCompile>
    <ClCompile Include="11718.cpp">
      <Filter>Gori Problems\20_1_1. PS 기초</Filter>
    </ClCompile>
    <ClCompile Include="3009.cpp">
      <Filter>Gori Problems\20_1_1. PS 기초</Filter>
    </ClCompile>
    <ClCompile Include="10828.cpp">
      <Filter>Gori Problems\20_1_1. PS 기초</Filter>
    </ClCompile>
    <ClCompile Include="10845.cpp">
      <Filter>Gori Problems\20_1_1. PS 기초</Filter>
    </ClCompile>
    <ClCompile Include="10866.cpp">
      <Filter>Gori Problems\20_1_1. PS 기초</Filter>
    </ClCompile>
    <ClCompile Include="2751.cpp">
      <Filter>Gori Problems\20_1_1. PS 기초</Filter>
    </ClCompile>
    <ClCompile Include="11650.cpp">
      <Filter>Gori Problems\20_1_1. PS 기초</Filter>
    </ClCompile>
    <ClCompile Include="1003.cpp">
      <Filter>Gori Problems\20_1_2. DP</Filter>
    </ClCompile>
    <ClCompile Include="1904.cpp">
      <Filter>Gori Problems\20_1_2. DP</Filter>
    </ClCompile>
    <ClCompile Include="11726.cpp">
      <Filter>Gori Problems\20_1_2. DP</Filter>
    </ClCompile>
    <ClCompile Include="9095.cpp">
      <Filter>Gori Problems\20_1_2. DP</Filter>
    </ClCompile>
    <ClCompile Include="2579.cpp">
      <Filter>Gori Problems\20_1_2. DP</Filter>
    </ClCompile>
    <ClCompile Include="1965.cpp">
      <Filter>Gori Problems\20_1_2. DP</Filter>
    </ClCompile>
    <ClCompile Include="4796.cpp">
      <Filter>Gori Problems\20_1_3. Greedy</Filter>
    </ClCompile>
    <ClCompile Include="1789.cpp">
      <Filter>Gori Problems\20_1_3. Greedy</Filter>
    </ClCompile>
    <ClCompile Include="1049.cpp">
      <Filter>Gori Problems\20_1_3. Greedy</Filter>
    </ClCompile>
    <ClCompile Include="1449.cpp">
      <Filter>Gori Problems\20_1_3. Greedy</Filter>
    </ClCompile>
    <ClCompile Include="1080.cpp">
      <Filter>Gori Problems\20_1_3. Greedy</Filter>
    </ClCompile>
    <ClCompile Include="2812.cpp">
      <Filter>Gori Problems\20_1_3. Greedy</Filter>
    </ClCompile>
    <ClCompile Include="11000.cpp">
      <Filter>Gori Problems\20_1_3. Greedy</Filter>
    </ClCompile>
    <ClCompile Include="1744.cpp">
      <Filter>Gori Problems\20_1_3. Greedy</Filter>
    </ClCompile>
    <ClCompile Include="2437.cpp">
      <Filter>Gori Problems\20_1_3. Greedy</Filter>
    </ClCompile>
    <ClCompile Include="1700.cpp">
      <Filter>Gori Problems\20_1_3. Greedy</Filter>
    </ClCompile>
    <ClCompile Include="10451.cpp">
      <Filter>Gori Problems\20_1_4. Graph</Filter>
    </ClCompile>
    <ClCompile Include="4963.cpp">
      <Filter>Gori Problems\20_1_4. Graph</Filter>
    </ClCompile>
    <ClCompile Include="2583.cpp">
      <Filter>Gori Problems\20_1_4. Graph</Filter>
    </ClCompile>
    <ClCompile Include="2468.cpp">
      <Filter>Gori Problems\20_1_4. Graph</Filter>
    </ClCompile>
    <ClCompile Include="1389.cpp">
      <Filter>Gori Problems\20_1_4. Graph</Filter>
    </ClCompile>
    <ClCompile Include="2437.c">
      <Filter>Gori Problems\20_1_3. Greedy</Filter>
    </ClCompile>
    <ClCompile Include="1526.cpp">
      <Filter>Gori Problems\20_1_5. 브루트포스와 백트래킹</Filter>
    </ClCompile>
    <ClCompile Include="14500.cpp">
      <Filter>Gori Problems\20_1_5. 브루트포스와 백트래킹</Filter>
    </ClCompile>
    <ClCompile Include="6603.cpp">
      <Filter>Gori Problems\20_1_5. 브루트포스와 백트래킹</Filter>
    </ClCompile>
    <ClCompile Include="1759.cpp">
      <Filter>Gori Problems\20_1_5. 브루트포스와 백트래킹</Filter>
    </ClCompile>
    <ClCompile Include="1987.cpp">
      <Filter>Gori Problems\20_1_5. 브루트포스와 백트래킹</Filter>
    </ClCompile>
    <ClCompile Include="15684.cpp">
      <Filter>Gori Problems\20_1_5. 브루트포스와 백트래킹</Filter>
    </ClCompile>
    <ClCompile Include="2661.cpp">
      <Filter>Gori Problems\20_1_5. 브루트포스와 백트래킹</Filter>
    </ClCompile>
    <ClCompile Include="2239.cpp">
      <Filter>Gori Problems\20_1_5. 브루트포스와 백트래킹</Filter>
    </ClCompile>
    <ClCompile Include="999.cpp">
      <Filter>BOJ Source File\0. Default/Challenger</Filter>
    </ClCompile>
    <ClCompile Include="2331.c">
      <Filter>Gori Problems\문제집6. 그래프 1</Filter>
    </ClCompile>
    <ClCompile Include="9466.cpp">
      <Filter>Gori Problems\문제집6. 그래프 1</Filter>
    </ClCompile>
    <ClCompile Include="2146.cpp">
      <Filter>Gori Problems\문제집6. 그래프 1</Filter>
    </ClCompile>
    <ClCompile Include="2596.cpp">
      <Filter>Gori Problems\20_S_1</Filter>
    </ClCompile>
    <ClCompile Include="14490.cpp">
      <Filter>Gori Problems\20_S_1</Filter>
    </ClCompile>
    <ClCompile Include="11985.cpp">
      <Filter>Gori Problems\20_S_1</Filter>
    </ClCompile>
    <ClCompile Include="2504.cpp">
      <Filter>Gori Problems\20_S_1</Filter>
    </ClCompile>
    <ClCompile Include="10164.cpp">
      <Filter>Gori Problems\20_S_1</Filter>
    </ClCompile>
    <ClCompile Include="11812.cpp">
      <Filter>Gori Problems\20_S_1</Filter>
    </ClCompile>
    <ClCompile Include="2513.cpp">
      <Filter>Gori Problems\20_S_1</Filter>
    </ClCompile>
    <ClCompile Include="15573.cpp">
      <Filter>Gori Problems\20_S_1</Filter>
    </ClCompile>
    <ClCompile Include="1162.cpp">
      <Filter>Gori Problems\20_S_1</Filter>
    </ClCompile>
    <ClCompile Include="9550.cpp">
      <Filter>Gori Problems\20_S_2</Filter>
    </ClCompile>
    <ClCompile Include="1213.cpp">
      <Filter>Gori Problems\20_S_2</Filter>
    </ClCompile>
    <ClCompile Include="1633.cpp">
      <Filter>Gori Problems\20_S_2</Filter>
    </ClCompile>
    <ClCompile Include="2655.cpp">
      <Filter>Gori Problems\20_S_2</Filter>
    </ClCompile>
    <ClCompile Include="8320.cpp">
      <Filter>Gori Problems\20_S_3</Filter>
    </ClCompile>
    <ClCompile Include="1783.cpp">
      <Filter>Gori Problems\20_S_3</Filter>
    </ClCompile>
    <ClCompile Include="13702.cpp">
      <Filter>Gori Problems\20_S_3</Filter>
    </ClCompile>
    <ClCompile Include="14496.cpp">
      <Filter>Gori Problems\20_S_3</Filter>
    </ClCompile>
    <ClCompile Include="19535.cpp">
      <Filter>Gori Problems\20_S_3</Filter>
    </ClCompile>
    <ClCompile Include="11966.cpp">
      <Filter>Gori Problems\20_S_4</Filter>
    </ClCompile>
    <ClCompile Include="17413.cpp">
      <Filter>Gori Problems\20_S_4</Filter>
    </ClCompile>
    <ClCompile Include="19539.cpp">
      <Filter>Gori Problems\20_S_4</Filter>
    </ClCompile>
    <ClCompile Include="17162.cpp">
      <Filter>Gori Problems\20_S_4</Filter>
    </ClCompile>
    <ClCompile Include="15997.cpp">
      <Filter>Gori Problems\20_S_4</Filter>
    </ClCompile>
    <ClCompile Include="16920.cpp">
      <Filter>Gori Problems\20_S_4</Filter>
    </ClCompile>
    <ClCompile Include="2879.cpp">
      <Filter>Gori Problems\20_S_1</Filter>
    </ClCompile>
    <ClCompile Include="1445.cpp">
      <Filter>Gori Problems\20_S_2</Filter>
    </ClCompile>
    <ClCompile Include="1613.cpp">
      <Filter>Gori Problems\20_2_1. 플로이드</Filter>
    </ClCompile>
    <ClCompile Include="2096.cpp">
      <Filter>Gori Problems\20_2_1. 플로이드</Filter>
    </ClCompile>
    <ClCompile Include="1486.cpp">
      <Filter>Gori Problems\20_2_1. 플로이드</Filter>
    </ClCompile>
    <ClCompile Include="17182.cpp">
      <Filter>Gori Problems\20_2_1. 플로이드</Filter>
    </ClCompile>
    <ClCompile Include="14938.cpp">
      <Filter>Gori Problems\20_2_1. 플로이드</Filter>
    </ClCompile>
    <ClCompile Include="1238.cpp">
      <Filter>Gori Problems\20_2_2. 다익스트라</Filter>
    </ClCompile>
    <ClCompile Include="2665.cpp">
      <Filter>Gori Problems\20_2_2. 다익스트라</Filter>
    </ClCompile>
    <ClCompile Include="4485.cpp">
      <Filter>Gori Problems\20_2_2. 다익스트라</Filter>
    </ClCompile>
    <ClCompile Include="16395.cpp">
      <Filter>Gori Problems\20_2_3. 이항 계수</Filter>
    </ClCompile>
    <ClCompile Include="13977.cpp">
      <Filter>Gori Problems\20_2_3. 이항 계수</Filter>
    </ClCompile>
    <ClCompile Include="11402.cpp">
      <Filter>Gori Problems\20_2_3. 이항 계수</Filter>
    </ClCompile>
    <ClCompile Include="14172.cpp">
      <Filter>Gori Problems\20_W_1</Filter>
    </ClCompile>
    <ClCompile Include="14171.cpp">
      <Filter>Gori Problems\20_W_1</Filter>
    </ClCompile>
    <ClCompile Include="14170.cpp">
      <Filter>Gori Problems\20_W_1</Filter>
    </ClCompile>
    <ClCompile Include="1918.cpp">
      <Filter>Gori Problems\20_W_2</Filter>
    </ClCompile>
    <ClCompile Include="14452.cpp">
      <Filter>Gori Problems\20_W_2</Filter>
    </ClCompile>
    <ClCompile Include="14453.cpp">
      <Filter>Gori Problems\20_W_2</Filter>
    </ClCompile>
    <ClCompile Include="14454.cpp">
      <Filter>Gori Problems\20_W_2</Filter>
    </ClCompile>
    <ClCompile Include="1158.cpp">
      <Filter>Gori Problems\20_W_3</Filter>
    </ClCompile>
    <ClCompile Include="13300.c">
      <Filter>Gori Problems\20_W_3</Filter>
    </ClCompile>
    <ClCompile Include="13301.c">
      <Filter>Gori Problems\20_W_3</Filter>
    </ClCompile>
    <ClCompile Include="13302.cpp">
      <Filter>Gori Problems\20_W_3</Filter>
    </ClCompile>
    <ClCompile Include="13303.cpp">
      <Filter>Gori Problems\20_W_3</Filter>
    </ClCompile>
    <ClCompile Include="10162.cpp">
      <Filter>Gori Problems\20_W_4</Filter>
    </ClCompile>
    <ClCompile Include="10163.cpp">
      <Filter>Gori Problems\20_W_4</Filter>
    </ClCompile>
    <ClCompile Include="10165.cpp">
      <Filter>Gori Problems\20_W_4</Filter>
    </ClCompile>
    <ClCompile Include="12851.cpp">
      <Filter>Gori Problems\20_W_4</Filter>
    </ClCompile>
    <ClCompile Include="13549.cpp">
      <Filter>Gori Problems\20_W_4</Filter>
    </ClCompile>
    <ClCompile Include="13015%28go 21W4%29.cpp">
      <Filter>BOJ Source File\0. Default/Challenger\Star Dot</Filter>
    </ClCompile>
    <ClCompile Include="10997.cpp">
      <Filter>BOJ Source File\0. Default/Challenger\Star Dot</Filter>
    </ClCompile>
    <ClCompile Include="10995.cpp">
      <Filter>BOJ Source File\0. Default/Challenger\Star Dot</Filter>
    </ClCompile>
    <ClCompile Include="10996.cpp">
      <Filter>BOJ Source File\0. Default/Challenger\Star Dot</Filter>
    </ClCompile>
    <ClCompile Include="10994.cpp">
      <Filter>BOJ Source File\0. Default/Challenger\Star Dot</Filter>
    </ClCompile>
    <ClCompile Include="10993.cpp">
      <Filter>BOJ Source File\0. Default/Challenger\Star Dot</Filter>
    </ClCompile>
    <ClCompile Include="10990.cpp">
      <Filter>BOJ Source File\0. Default/Challenger\Star Dot</Filter>
    </ClCompile>
    <ClCompile Include="2556.cpp">
      <Filter>BOJ Source File\0. Default/Challenger\Star Dot</Filter>
    </ClCompile>
    <ClCompile Include="2523.cpp">
      <Filter>BOJ Source File\0. Default/Challenger\Star Dot</Filter>
    </ClCompile>
    <ClCompile Include="2443.cpp">
      <Filter>BOJ Source File\0. Default/Challenger\Star Dot</Filter>
    </ClCompile>
    <ClCompile Include="2217.c">
      <Filter>BOJ Source File\0. Default/Challenger</Filter>
    </ClCompile>
    <ClCompile Include="14681.c">
      <Filter>BOJ Source File\2. if문</Filter>
    </ClCompile>
    <ClCompile Include="10757.c">
      <Filter>BOJ Source File\8. 기본 수학 1</Filter>
    </ClCompile>
    <ClCompile Include="11653.c">
      <Filter>BOJ Source File\9. 기본 수학 2</Filter>
    </ClCompile>
    <ClCompile Include="18870.cpp">
      <Filter>BOJ Source File\12. 정렬</Filter>
    </ClCompile>
    <ClCompile Include="9184.c">
      <Filter>BOJ Source File\15. 동적 계획법 1</Filter>
    </ClCompile>
    <ClCompile Include="13305.cpp">
      <Filter>BOJ Source File\16. 그리디 알고리즘</Filter>
    </ClCompile>
    <ClCompile Include="1934.c">
      <Filter>BOJ Source File\17. 정수론 및 조합론</Filter>
    </ClCompile>
    <ClCompile Include="1010.c">
      <Filter>BOJ Source File\17. 정수론 및 조합론</Filter>
    </ClCompile>
    <ClCompile Include="17298.cpp">
      <Filter>BOJ Source File\18. 스택</Filter>
    </ClCompile>
    <ClCompile Include="11444.c">
      <Filter>BOJ Source File\20. 분할 정복</Filter>
    </ClCompile>
    <ClCompile Include="2446.c">
      <Filter>BOJ Source File\0. Default/Challenger\Star Dot</Filter>
    </ClCompile>
    <ClCompile Include="2606.cpp">
      <Filter>BOJ Source File\24. DFS와 BFS</Filter>
    </ClCompile>
    <ClCompile Include="2667.cpp">
      <Filter>BOJ Source File\24. DFS와 BFS</Filter>
    </ClCompile>
    <ClCompile Include="2178.cpp">
      <Filter>BOJ Source File\24. DFS와 BFS</Filter>
    </ClCompile>
    <ClCompile Include="7576.cpp">
      <Filter>BOJ Source File\24. DFS와 BFS</Filter>
    </ClCompile>
    <ClCompile Include="1697.cpp">
      <Filter>BOJ Source File\24. DFS와 BFS</Filter>
    </ClCompile>
    <ClCompile Include="2206.cpp">
      <Filter>BOJ Source File\24. DFS와 BFS</Filter>
    </ClCompile>
    <ClCompile Include="1707.c">
      <Filter>BOJ Source File\24. DFS와 BFS</Filter>
    </ClCompile>
    <ClCompile Include="1753.cpp">
      <Filter>BOJ Source File\25. 최단 경로</Filter>
    </ClCompile>
    <ClCompile Include="11404.cpp">
      <Filter>BOJ Source File\25. 최단 경로</Filter>
    </ClCompile>
    <ClCompile Include="10217.cpp">
      <Filter>BOJ Source File\25. 최단 경로</Filter>
    </ClCompile>
    <ClCompile Include="20117.cpp">
      <Filter>Gori Problems\20 Goricon</Filter>
    </ClCompile>
    <ClCompile Include="20116.cpp">
      <Filter>Gori Problems\20 Goricon</Filter>
    </ClCompile>
    <ClCompile Include="20115.cpp">
      <Filter>Gori Problems\20 Goricon</Filter>
    </ClCompile>
    <ClCompile Include="20114.cpp">
      <Filter>Gori Problems\20 Goricon</Filter>
    </ClCompile>
    <ClCompile Include="20113.cpp">
      <Filter>Gori Problems\20 Goricon</Filter>
    </ClCompile>
    <ClCompile Include="20112.cpp">
      <Filter>Gori Problems\20 Goricon</Filter>
    </ClCompile>
    <ClCompile Include="17496.cpp">
      <Filter>Gori Problems\19 Goricon</Filter>
    </ClCompile>
    <ClCompile Include="17499.c">
      <Filter>Gori Problems\19 Goricon</Filter>
    </ClCompile>
    <ClCompile Include="17502.c">
      <Filter>Gori Problems\19 Goricon</Filter>
    </ClCompile>
    <ClCompile Include="17504.c">
      <Filter>Gori Problems\19 Goricon</Filter>
    </ClCompile>
    <ClCompile Include="16430.cpp">
      <Filter>Gori Problems\18 Goricon</Filter>
    </ClCompile>
    <ClCompile Include="16435.cpp">
      <Filter>Gori Problems\18 Goricon</Filter>
    </ClCompile>
    <ClCompile Include="16431.c">
      <Filter>Gori Problems\18 Goricon</Filter>
    </ClCompile>
    <ClCompile Include="16432.c">
      <Filter>Gori Problems\18 Goricon</Filter>
    </ClCompile>
    <ClCompile Include="16433.c">
      <Filter>Gori Problems\18 Goricon</Filter>
    </ClCompile>
    <ClCompile Include="16434.c">
      <Filter>Gori Problems\18 Goricon</Filter>
    </ClCompile>
    <ClCompile Include="2448.c">
      <Filter>BOJ Source File\0. Default/Challenger\Star Dot</Filter>
    </ClCompile>
    <ClCompile Include="2440.c">
      <Filter>BOJ Source File\0. Default/Challenger\Star Dot</Filter>
    </ClCompile>
    <ClCompile Include="2441.c">
      <Filter>BOJ Source File\0. Default/Challenger\Star Dot</Filter>
    </ClCompile>
    <ClCompile Include="2442.c">
      <Filter>BOJ Source File\0. Default/Challenger\Star Dot</Filter>
    </ClCompile>
    <ClCompile Include="2444.c">
      <Filter>BOJ Source File\0. Default/Challenger\Star Dot</Filter>
    </ClCompile>
    <ClCompile Include="2445.c">
      <Filter>BOJ Source File\0. Default/Challenger\Star Dot</Filter>
    </ClCompile>
    <ClCompile Include="2522.c">
      <Filter>BOJ Source File\0. Default/Challenger\Star Dot</Filter>
    </ClCompile>
    <ClCompile Include="10991.c">
      <Filter>BOJ Source File\0. Default/Challenger\Star Dot</Filter>
    </ClCompile>
    <ClCompile Include="10992.c">
      <Filter>BOJ Source File\0. Default/Challenger\Star Dot</Filter>
    </ClCompile>
    <ClCompile Include="16436.cpp">
      <Filter>Gori Problems\18 Goricon</Filter>
    </ClCompile>
    <ClCompile Include="16441.cpp">
      <Filter>Gori Problems\18 Goricon</Filter>
    </ClCompile>
    <ClCompile Include="16440.cpp">
      <Filter>Gori Problems\18 Goricon</Filter>
    </ClCompile>
    <ClCompile Include="16439.cpp">
      <Filter>Gori Problems\18 Goricon</Filter>
    </ClCompile>
    <ClCompile Include="16438.cpp">
      <Filter>Gori Problems\18 Goricon</Filter>
    </ClCompile>
    <ClCompile Include="16437.cpp">
      <Filter>Gori Problems\18 Goricon</Filter>
    </ClCompile>
    <ClCompile Include="17497.cpp">
      <Filter>Gori Problems\19 Goricon</Filter>
    </ClCompile>
    <ClCompile Include="17498.cpp">
      <Filter>Gori Problems\19 Goricon</Filter>
    </ClCompile>
    <ClCompile Include="17505.cpp">
      <Filter>Gori Problems\19 Goricon</Filter>
    </ClCompile>
    <ClCompile Include="17503.cpp">
      <Filter>Gori Problems\19 Goricon</Filter>
    </ClCompile>
    <ClCompile Include="17501.cpp">
      <Filter>Gori Problems\19 Goricon</Filter>
    </ClCompile>
    <ClCompile Include="17500.cpp">
      <Filter>Gori Problems\19 Goricon</Filter>
    </ClCompile>
    <ClCompile Include="20122.cpp">
      <Filter>Gori Problems\20 Goricon</Filter>
    </ClCompile>
    <ClCompile Include="20123.cpp">
      <Filter>Gori Problems\20 Goricon</Filter>
    </ClCompile>
    <ClCompile Include="20121.cpp">
      <Filter>Gori Problems\20 Goricon</Filter>
    </ClCompile>
    <ClCompile Include="20120.cpp">
      <Filter>Gori Problems\20 Goricon</Filter>
    </ClCompile>
    <ClCompile Include="20119.c">
      <Filter>Gori Problems\20 Goricon</Filter>
    </ClCompile>
    <ClCompile Include="20118.cpp">
      <Filter>Gori Problems\20 Goricon</Filter>
    </ClCompile>
    <ClCompile Include="7579.cpp">
      <Filter>BOJ Source File\23. 동적 계획법 2</Filter>
    </ClCompile>
    <ClCompile Include="2293.cpp">
      <Filter>BOJ Source File\23. 동적 계획법 2</Filter>
    </ClCompile>
    <ClCompile Include="2629.cpp">
      <Filter>BOJ Source File\23. 동적 계획법 2</Filter>
    </ClCompile>
    <ClCompile Include="1520.cpp">
      <Filter>BOJ Source File\23. 동적 계획법 2</Filter>
    </ClCompile>
    <ClCompile Include="10942.cpp">
      <Filter>BOJ Source File\23. 동적 계획법 2</Filter>
    </ClCompile>
    <ClCompile Include="11049.cpp">
      <Filter>BOJ Source File\23. 동적 계획법 2</Filter>
    </ClCompile>
    <ClCompile Include="11066.cpp">
      <Filter>BOJ Source File\23. 동적 계획법 2</Filter>
    </ClCompile>
    <ClCompile Include="7562.cpp">
      <Filter>BOJ Source File\24. DFS와 BFS</Filter>
    </ClCompile>
    <ClCompile Include="7569.cpp">
      <Filter>BOJ Source File\24. DFS와 BFS</Filter>
    </ClCompile>
    <ClCompile Include="1956.cpp">
      <Filter>BOJ Source File\25. 최단 경로</Filter>
    </ClCompile>
    <ClCompile Include="11657.cpp">
      <Filter>BOJ Source File\25. 최단 경로</Filter>
    </ClCompile>
    <ClCompile Include="9370.cpp">
      <Filter>BOJ Source File\25. 최단 경로</Filter>
    </ClCompile>
    <ClCompile Include="1504.cpp">
      <Filter>BOJ Source File\25. 최단 경로</Filter>
    </ClCompile>
    <ClCompile Include="1806.cpp">
      <Filter>BOJ Source File\26. 투 포인터</Filter>
    </ClCompile>
    <ClCompile Include="2470.cpp">
      <Filter>BOJ Source File\26. 투 포인터</Filter>
    </ClCompile>
    <ClCompile Include="3273.cpp">
      <Filter>BOJ Source File\26. 투 포인터</Filter>
    </ClCompile>
    <ClCompile Include="13913.cpp">
      <Filter>BOJ Source File\27. DP와 최단거리 역추적</Filter>
    </ClCompile>
    <ClCompile Include="1076.cpp">
      <Filter>BOJ Source File\0. Default/Challenger\Bronze Killer</Filter>
    </ClCompile>
    <ClCompile Include="1075.cpp">
      <Filter>BOJ Source File\0. Default/Challenger\Bronze Killer</Filter>
    </ClCompile>
    <ClCompile Include="1009.cpp">
      <Filter>BOJ Source File\0. Default/Challenger\Bronze Killer</Filter>
    </ClCompile>
    <ClCompile Include="1032.cpp">
      <Filter>BOJ Source File\0. Default/Challenger\Bronze Killer</Filter>
    </ClCompile>
    <ClCompile Include="2748.c">
      <Filter>BOJ Source File\0. Default/Challenger\Pibbonachi</Filter>
    </ClCompile>
    <ClCompile Include="2749.cpp">
      <Filter>BOJ Source File\0. Default/Challenger\Pibbonachi</Filter>
    </ClCompile>
    <ClCompile Include="2747.c">
      <Filter>BOJ Source File\0. Default/Challenger\Pibbonachi</Filter>
    </ClCompile>
    <ClCompile Include="2475.c">
      <Filter>BOJ Source File\0. Default/Challenger\Bronze Killer</Filter>
    </ClCompile>
    <ClCompile Include="2920.c">
      <Filter>BOJ Source File\0. Default/Challenger\Bronze Killer</Filter>
    </ClCompile>
    <ClCompile Include="5543.c">
      <Filter>BOJ Source File\0. Default/Challenger\Bronze Killer</Filter>
    </ClCompile>
    <ClCompile Include="10039.c">
      <Filter>BOJ Source File\0. Default/Challenger\Bronze Killer</Filter>
    </ClCompile>
    <ClCompile Include="10817.c">
      <Filter>BOJ Source File\0. Default/Challenger\Bronze Killer</Filter>
    </ClCompile>
    <ClCompile Include="1450.cpp">
      <Filter>BOJ Source File\26. 투 포인터</Filter>
    </ClCompile>
    <ClCompile Include="1644.cpp">
      <Filter>BOJ Source File\26. 투 포인터</Filter>
    </ClCompile>
    <ClCompile Include="11780.cpp">
      <Filter>BOJ Source File\27. DP와 최단거리 역추적</Filter>
    </ClCompile>
    <ClCompile Include="11779.cpp">
      <Filter>BOJ Source File\27. DP와 최단거리 역추적</Filter>
    </ClCompile>
    <ClCompile Include="9019.cpp">
      <Filter>BOJ Source File\27. DP와 최단거리 역추적</Filter>
    </ClCompile>
    <ClCompile Include="2618.cpp">
      <Filter>BOJ Source File\27. DP와 최단거리 역추적</Filter>
    </ClCompile>
    <ClCompile Include="9252.cpp">
      <Filter>BOJ Source File\27. DP와 최단거리 역추적</Filter>
    </ClCompile>
    <ClCompile Include="14003.cpp">
      <Filter>BOJ Source File\27. DP와 최단거리 역추적</Filter>
    </ClCompile>
    <ClCompile Include="14002.cpp">
      <Filter>BOJ Source File\27. DP와 최단거리 역추적</Filter>
    </ClCompile>
    <ClCompile Include="12852.cpp">
      <Filter>BOJ Source File\27. DP와 최단거리 역추적</Filter>
    </ClCompile>
    <ClCompile Include="4803.cpp">
      <Filter>BOJ Source File\28. 트리</Filter>
    </ClCompile>
    <ClCompile Include="5639.cpp">
      <Filter>BOJ Source File\28. 트리</Filter>
    </ClCompile>
    <ClCompile Include="1991.cpp">
      <Filter>BOJ Source File\28. 트리</Filter>
    </ClCompile>
    <ClCompile Include="2263.cpp">
      <Filter>BOJ Source File\28. 트리</Filter>
    </ClCompile>
    <ClCompile Include="1967.cpp">
      <Filter>BOJ Source File\28. 트리</Filter>
    </ClCompile>
    <ClCompile Include="1167.cpp">
      <Filter>BOJ Source File\28. 트리</Filter>
    </ClCompile>
    <ClCompile Include="11725.cpp">
      <Filter>BOJ Source File\28. 트리</Filter>
    </ClCompile>
    <ClCompile Include="4195.cpp">
      <Filter>BOJ Source File\29. 유니온 파인드</Filter>
    </ClCompile>
    <ClCompile Include="1976.cpp">
      <Filter>BOJ Source File\29. 유니온 파인드</Filter>
    </ClCompile>
    <ClCompile Include="1717.cpp">
      <Filter>BOJ Source File\29. 유니온 파인드</Filter>
    </ClCompile>
    <ClCompile Include="20040.cpp">
      <Filter>BOJ Source File\29. 유니온 파인드</Filter>
    </ClCompile>
    <ClCompile Include="4386.cpp">
      <Filter>BOJ Source File\30. 최소 신장 트리</Filter>
    </ClCompile>
    <ClCompile Include="17472.cpp">
      <Filter>BOJ Source File\30. 최소 신장 트리</Filter>
    </ClCompile>
    <ClCompile Include="2887.cpp">
      <Filter>BOJ Source File\30. 최소 신장 트리</Filter>
    </ClCompile>
    <ClCompile Include="1197.cpp">
      <Filter>BOJ Source File\30. 최소 신장 트리</Filter>
    </ClCompile>
    <ClCompile Include="1774.cpp">
      <Filter>BOJ Source File\30. 최소 신장 트리</Filter>
    </ClCompile>
    <ClCompile Include="9372.cpp">
      <Filter>BOJ Source File\30. 최소 신장 트리</Filter>
    </ClCompile>
    <ClCompile Include="2213.cpp">
      <Filter>BOJ Source File\31. 트리에서 동적 계획법 %282/4%29</Filter>
    </ClCompile>
    <ClCompile Include="15681.cpp">
      <Filter>BOJ Source File\31. 트리에서 동적 계획법 %282/4%29</Filter>
    </ClCompile>
    <ClCompile Include="1100.cpp">
      <Filter>BOJ Source File\0. Default/Challenger\Bronze Killer</Filter>
    </ClCompile>
    <ClCompile Include="1145.cpp">
      <Filter>BOJ Source File\0. Default/Challenger\Bronze Killer</Filter>
    </ClCompile>
    <ClCompile Include="1159.cpp">
      <Filter>BOJ Source File\0. Default/Challenger\Bronze Killer</Filter>
    </ClCompile>
    <ClCompile Include="6021.cpp">
      <Filter>BOJ Source File\0. Default/Challenger\Bronze Killer</Filter>
    </ClCompile>
    <ClCompile Include="19585.cpp">
      <Filter>BOJ Source File\0. Default/Challenger</Filter>
    </ClCompile>
    <ClCompile Include="1057.cpp">
      <Filter>Gori Problems\21_S_1</Filter>
    </ClCompile>
    <ClCompile Include="1182.cpp">
      <Filter>Gori Problems\21_S_1</Filter>
    </ClCompile>
    <ClCompile Include="12100.cpp">
      <Filter>Gori Problems\21_S_1</Filter>
    </ClCompile>
    <ClCompile Include="1588.cpp">
      <Filter>Gori Problems\21_S_2</Filter>
    </ClCompile>
    <ClCompile Include="2339.cpp">
      <Filter>Gori Problems\21_S_2</Filter>
    </ClCompile>
    <ClCompile Include="10815.cpp">
      <Filter>Gori Problems\문제집7. 분할 정복</Filter>
    </ClCompile>
    <ClCompile Include="11728.cpp">
      <Filter>Gori Problems\문제집7. 분할 정복</Filter>
    </ClCompile>
    <ClCompile Include="1377.cpp">
      <Filter>Gori Problems\문제집7. 분할 정복</Filter>
    </ClCompile>
    <ClCompile Include="11659.cpp">
      <Filter>Gori Problems\문제집9. 완전 탐색 1</Filter>
    </ClCompile>
    <ClCompile Include="1476.cpp">
      <Filter>Gori Problems\문제집9. 완전 탐색 1</Filter>
    </ClCompile>
    <ClCompile Include="2315.cpp">
      <Filter>Gori Problems\21_S_3</Filter>
    </ClCompile>
    <ClCompile Include="12920.cpp">
      <Filter>Gori Problems\21_S_3</Filter>
    </ClCompile>
    <ClCompile Include="2419.cpp">
      <Filter>Gori Problems\21_S_5</Filter>
    </ClCompile>
    <ClCompile Include="14868.c">
      <Filter>Gori Problems\21_S_5</Filter>
    </ClCompile>
    <ClCompile Include="14868.cpp">
      <Filter>Gori Problems\21_S_5</Filter>
    </ClCompile>
    <ClCompile Include="17081.cpp">
      <Filter>Gori Problems\21_S_5</Filter>
    </ClCompile>
    <ClCompile Include="2042.c">
      <Filter>Gori Problems\21_S_5</Filter>
    </ClCompile>
    <ClCompile Include="11437.cpp">
      <Filter>Gori Problems\21_2_1</Filter>
    </ClCompile>
    <ClCompile Include="2568.cpp">
      <Filter>Gori Problems\21_2_1</Filter>
    </ClCompile>
    <ClCompile Include="2098.cpp">
      <Filter>Gori Problems\21_2_1</Filter>
    </ClCompile>
    <ClCompile Include="1219.cpp">
      <Filter>Gori Problems\21_2_1</Filter>
    </ClCompile>
    <ClCompile Include="10026.cpp">
      <Filter>Gori Problems\21_2_1</Filter>
    </ClCompile>
    <ClCompile Include="1107.cpp">
      <Filter>Gori Problems\21_2_1</Filter>
    </ClCompile>
    <ClCompile Include="2150.cpp">
      <Filter>Gori Problems\21_2_2</Filter>
    </ClCompile>
    <ClCompile Include="13907.cpp">
      <Filter>Gori Problems\21_2_2</Filter>
    </ClCompile>
    <ClCompile Include="10999.cpp">
      <Filter>Gori Problems\21_2_2</Filter>
    </ClCompile>
    <ClCompile Include="2162.cpp">
      <Filter>Gori Problems\21_2_2</Filter>
    </ClCompile>
    <ClCompile Include="13334.cpp">
      <Filter>Gori Problems\21_2_2</Filter>
    </ClCompile>
    <ClCompile Include="15686.cpp">
      <Filter>Gori Problems\21_2_2</Filter>
    </ClCompile>
    <ClCompile Include="1916.cpp">
      <Filter>Gori Problems\21_2_2</Filter>
    </ClCompile>
    <ClCompile Include="2517.cpp">
      <Filter>Gori Problems\21_2_3</Filter>
    </ClCompile>
    <ClCompile Include="13306.cpp">
      <Filter>Gori Problems\21_2_3</Filter>
    </ClCompile>
    <ClCompile Include="10840.cpp">
      <Filter>Gori Problems\21_2_3</Filter>
    </ClCompile>
    <ClCompile Include="14502.cpp">
      <Filter>Gori Problems\21_2_3</Filter>
    </ClCompile>
    <ClCompile Include="17613.cpp">
      <Filter>Gori Problems\21_2_4</Filter>
    </ClCompile>
    <ClCompile Include="2549.cpp">
      <Filter>Gori Problems\21_2_4</Filter>
    </ClCompile>
    <ClCompile Include="4792.cpp">
      <Filter>Gori Problems\21_2_4</Filter>
    </ClCompile>
    <ClCompile Include="1305.cpp">
      <Filter>Gori Problems\21_2_4</Filter>
    </ClCompile>
    <ClCompile Include="22343.cpp">
      <Filter>Gori Problems\21_2_4</Filter>
    </ClCompile>
    <ClCompile Include="1620.c">
      <Filter>Gori Problems\21_2_4</Filter>
    </ClCompile>
    <ClCompile Include="12930.cpp">
      <Filter>Gori Problems\21_2_5</Filter>
    </ClCompile>
    <ClCompile Include="1708.cpp">
      <Filter>Gori Problems\21_2_5</Filter>
    </ClCompile>
    <ClCompile Include="12104.cpp">
      <Filter>Gori Problems\21_2_5</Filter>
    </ClCompile>
    <ClCompile Include="16985.cpp">
      <Filter>Gori Problems\21_2_5</Filter>
    </ClCompile>
    <ClCompile Include="7469.cpp">
      <Filter>Gori Problems\21_2_6</Filter>
    </ClCompile>
    <ClCompile Include="5573.cpp">
      <Filter>Gori Problems\21_2_6</Filter>
    </ClCompile>
    <ClCompile Include="18443.cpp">
      <Filter>Gori Problems\21_2_6</Filter>
    </ClCompile>
    <ClCompile Include="17267.cpp">
      <Filter>Gori Problems\21_2_6</Filter>
    </ClCompile>
    <ClCompile Include="1799.cpp">
      <Filter>Gori Problems\21_2_6</Filter>
    </ClCompile>
    <ClCompile Include="15976.cpp">
      <Filter>Gori Problems\21_2_6</Filter>
    </ClCompile>
    <ClCompile Include="23306.cpp">
      <Filter>Gori Problems\21_2_6</Filter>
    </ClCompile>
    <ClCompile Include="23038.cpp">
      <Filter>Gori Problems\21_2_6</Filter>
    </ClCompile>
    <ClCompile Include="23348.cpp">
      <Filter>Gori Problems\21_2_6</Filter>
    </ClCompile>
    <ClCompile Include="16236.cpp">
      <Filter>Gori Problems\21_2_7</Filter>
    </ClCompile>
    <ClCompile Include="17144.cpp">
      <Filter>Gori Problems\21_2_7</Filter>
    </ClCompile>
    <ClCompile Include="16928.cpp">
      <Filter>Gori Problems\21_2_7</Filter>
    </ClCompile>
    <ClCompile Include="17425.c">
      <Filter>Gori Problems\21_2_8</Filter>
    </ClCompile>
    <ClCompile Include="1073.cpp">
      <Filter>Gori Problems\21_2_8</Filter>
    </ClCompile>
    <ClCompile Include="5719.cpp">
      <Filter>Gori Problems\21_2_8</Filter>
    </ClCompile>
    <ClCompile Include="11003.cpp">
      <Filter>Gori Problems\21_2_8</Filter>
    </ClCompile>
    <ClCompile Include="1933.cpp">
      <Filter>Gori Problems\21_2_8</Filter>
    </ClCompile>
    <ClCompile Include="16563.c">
      <Filter>Gori Problems\21_2_8</Filter>
    </ClCompile>
    <ClCompile Include="15656.c">
      <Filter>Gori Problems\21_2_8</Filter>
    </ClCompile>
    <ClCompile Include="1388.c">
      <Filter>Gori Problems\21_2_8</Filter>
    </ClCompile>
    <ClCompile Include="16972.c">
      <Filter>Gori Problems\21_2_8</Filter>
    </ClCompile>
    <ClCompile Include="26326.cpp">
      <Filter>BOJ Source File\0. Default/Challenger</Filter>
    </ClCompile>
    <ClCompile Include="5504.cpp">
      <Filter>BOJ Source File\0. Default/Challenger</Filter>
    </ClCompile>
    <ClCompile Include="11559.cpp">
      <Filter>Gori Problems\21_W_1</Filter>
    </ClCompile>
    <ClCompile Include="2671.cpp">
      <Filter>Gori Problems\21_W_1</Filter>
    </ClCompile>
    <ClCompile Include="11758.cpp">
      <Filter>Gori Problems\21_W_1</Filter>
    </ClCompile>
    <ClCompile Include="14716.cpp">
      <Filter>Gori Problems\21_W_1</Filter>
    </ClCompile>
    <ClCompile Include="1926.cpp">
      <Filter>Gori Problems\21_W_1</Filter>
    </ClCompile>
    <ClCompile Include="19621.cpp">
      <Filter>Gori Problems\21_W_1</Filter>
    </ClCompile>
    <ClCompile Include="2957.cpp">
      <Filter>Gori Problems\21_W_2</Filter>
    </ClCompile>
    <ClCompile Include="11690.cpp">
      <Filter>Gori Problems\21_W_2</Filter>
    </ClCompile>
    <ClCompile Include="14395.cpp">
      <Filter>Gori Problems\21_W_2</Filter>
    </ClCompile>
    <ClCompile Include="2527.cpp">
      <Filter>Gori Problems\21_W_2</Filter>
    </ClCompile>
    <ClCompile Include="2477.cpp">
      <Filter>Gori Problems\21_W_2</Filter>
    </ClCompile>
    <ClCompile Include="16172.cpp">
      <Filter>Gori Problems\21_W_2</Filter>
    </ClCompile>
    <ClCompile Include="14565.cpp">
      <Filter>Gori Problems\21_W_3</Filter>
    </ClCompile>
    <ClCompile Include="1938.cpp">
      <Filter>Gori Problems\21_W_3</Filter>
    </ClCompile>
    <ClCompile Include="10464.cpp">
      <Filter>Gori Problems\21_W_3</Filter>
    </ClCompile>
    <ClCompile Include="2166.cpp">
      <Filter>Gori Problems\21_W_3</Filter>
    </ClCompile>
    <ClCompile Include="2469.cpp">
      <Filter>Gori Problems\21_W_3</Filter>
    </ClCompile>
    <ClCompile Include="2659.cpp">
      <Filter>Gori Problems\21_W_3</Filter>
    </ClCompile>
    <ClCompile Include="1185.cpp">
      <Filter>Gori Problems\21_W_4</Filter>
    </ClCompile>
    <ClCompile Include="2250.cpp">
      <Filter>Gori Problems\21_W_4</Filter>
    </ClCompile>
    <ClCompile Include="15903.c">
      <Filter>Gori Problems\21_W_4</Filter>
    </ClCompile>
    <ClCompile Include="11191.cpp">
      <Filter>Gori Problems\21_W_5</Filter>
    </ClCompile>
    <ClCompile Include="1944.cpp">
      <Filter>Gori Problems\21_W_5</Filter>
    </ClCompile>
    <ClCompile Include="7561.cpp">
      <Filter>Gori Problems\21_W_5</Filter>
    </ClCompile>
    <ClCompile Include="3190.cpp">
      <Filter>Gori Problems\21_W_5</Filter>
    </ClCompile>
    <ClCompile Include="1986.cpp">
      <Filter>Gori Problems\21_W_5</Filter>
    </ClCompile>
    <ClCompile Include="1417.cpp">
      <Filter>Gori Problems\21_W_5</Filter>
    </ClCompile>
    <ClCompile Include="15669.cpp">
      <Filter>Gori Problems\21_W_6</Filter>
    </ClCompile>
    <ClCompile Include="20041.cpp">
      <Filter>Gori Problems\21_W_6</Filter>
    </ClCompile>
    <ClCompile Include="1947.cpp">
      <Filter>Gori Problems\21_W_6</Filter>
    </ClCompile>
    <ClCompile Include="1689.cpp">
      <Filter>Gori Problems\21_W_6</Filter>
    </ClCompile>
    <ClCompile Include="3024.cpp">
      <Filter>Gori Problems\21_W_6</Filter>
    </ClCompile>
    <ClCompile Include="1269.cpp">
      <Filter>Gori Problems\21_W_6</Filter>
    </ClCompile>
    <ClCompile Include="1399.cpp">
      <Filter>Gori Problems\21_W_7</Filter>
    </ClCompile>
    <ClCompile Include="10888.cpp">
      <Filter>Gori Problems\21_W_7</Filter>
    </ClCompile>
    <ClCompile Include="22865.cpp">
      <Filter>Gori Problems\21_W_7</Filter>
    </ClCompile>
    <ClCompile Include="2022.cpp">
      <Filter>Gori Problems\21_W_7</Filter>
    </ClCompile>
    <ClCompile Include="1684.cpp">
      <Filter>Gori Problems\21_W_7</Filter>
    </ClCompile>
    <ClCompile Include="24392.cpp">
      <Filter>Gori Problems\21_W_7</Filter>
    </ClCompile>
    <ClCompile Include="1704.cpp">
      <Filter>Gori Problems\21_W_8</Filter>
    </ClCompile>
    <ClCompile Include="9359.cpp">
      <Filter>Gori Problems\21_W_8</Filter>
    </ClCompile>
    <ClCompile Include="13317.cpp">
      <Filter>Gori Problems\21_W_8</Filter>
    </ClCompile>
    <ClCompile Include="9997.cpp">
      <Filter>Gori Problems\21_W_8</Filter>
    </ClCompile>
    <ClCompile Include="6137.cpp">
      <Filter>Gori Problems\21_W_8</Filter>
    </ClCompile>
    <ClCompile Include="4307.cpp">
      <Filter>Gori Problems\21_W_8</Filter>
    </ClCompile>
    <ClCompile Include="3064.cpp">
      <Filter>Gori Problems\21_W_9</Filter>
    </ClCompile>
    <ClCompile Include="1517.cpp">
      <Filter>Gori Problems\21_W_9</Filter>
    </ClCompile>
    <ClCompile Include="7432.cpp">
      <Filter>Gori Problems\21_W_9</Filter>
    </ClCompile>
    <ClCompile Include="4095.cpp">
      <Filter>Gori Problems\21_W_9</Filter>
    </ClCompile>
    <ClCompile Include="1027.cpp">
      <Filter>Gori Problems\21_W_9</Filter>
    </ClCompile>
    <ClCompile Include="1419.cpp">
      <Filter>Gori Problems\21_W_9</Filter>
    </ClCompile>
    <ClCompile Include="6091.cpp">
      <Filter>Gori Problems\22_1_1</Filter>
    </ClCompile>
    <ClCompile Include="1081.cpp">
      <Filter>Gori Problems\22_1_1</Filter>
    </ClCompile>
    <ClCompile Include="1256.cpp">
      <Filter>Gori Problems\22_1_1</Filter>
    </ClCompile>
    <ClCompile Include="14725.cpp">
      <Filter>Gori Problems\22_1_1</Filter>
    </ClCompile>
    <ClCompile Include="1354.cpp">
      <Filter>Gori Problems\22_1_1</Filter>
    </ClCompile>
    <ClCompile Include="1990.cpp">
      <Filter>Gori Problems\22_1_1</Filter>
    </ClCompile>
    <ClCompile Include="1646.cpp">
      <Filter>Gori Problems\22_1_2</Filter>
    </ClCompile>
    <ClCompile Include="16991.cpp">
      <Filter>Gori Problems\22_1_2</Filter>
    </ClCompile>
    <ClCompile Include="2228.cpp">
      <Filter>Gori Problems\22_1_2</Filter>
    </ClCompile>
    <ClCompile Include="1153.cpp">
      <Filter>Gori Problems\22_1_2</Filter>
    </ClCompile>
    <ClCompile Include="1795.cpp">
      <Filter>Gori Problems\22_1_2</Filter>
    </ClCompile>
    <ClCompile Include="1406.cpp">
      <Filter>Gori Problems\22_1_2</Filter>
    </ClCompile>
    <ClCompile Include="9093.cpp">
      <Filter>Gori Problems\22_1_2</Filter>
    </ClCompile>
    <ClCompile Include="1036.cpp">
      <Filter>Gori Problems\22_1_3</Filter>
    </ClCompile>
    <ClCompile Include="1082.cpp">
      <Filter>Gori Problems\22_1_3</Filter>
    </ClCompile>
    <ClCompile Include="1989.cpp">
      <Filter>Gori Problems\22_1_3</Filter>
    </ClCompile>
    <ClCompile Include="2087.cpp">
      <Filter>Gori Problems\22_1_3</Filter>
    </ClCompile>
    <ClCompile Include="2737.cpp">
      <Filter>Gori Problems\22_1_3</Filter>
    </ClCompile>
    <ClCompile Include="3788.cpp">
      <Filter>BOJ Source File\0. Default/Challenger</Filter>
    </ClCompile>
    <ClCompile Include="6269.cpp">
      <Filter>BOJ Source File\0. Default/Challenger</Filter>
    </ClCompile>
    <ClCompile Include="6270.cpp">
      <Filter>BOJ Source File\0. Default/Challenger</Filter>
    </ClCompile>
    <ClCompile Include="1062.cpp">
      <Filter>Gori Problems\22_1_4</Filter>
    </ClCompile>
    <ClCompile Include="1202.cpp">
      <Filter>Gori Problems\22_1_4</Filter>
    </ClCompile>
    <ClCompile Include="1414.cpp">
      <Filter>Gori Problems\22_1_4</Filter>
    </ClCompile>
    <ClCompile Include="1480.cpp">
      <Filter>Gori Problems\22_1_4</Filter>
    </ClCompile>
    <ClCompile Include="1735.cpp">
      <Filter>Gori Problems\22_1_4</Filter>
    </ClCompile>
    <ClCompile Include="2075.cpp">
      <Filter>Gori Problems\22_1_4</Filter>
    </ClCompile>
    <ClCompile Include="2104.cpp">
      <Filter>Gori Problems\22_1_5</Filter>
    </ClCompile>
    <ClCompile Include="1998.cpp">
      <Filter>Gori Problems\22_1_5</Filter>
    </ClCompile>
    <ClCompile Include="1493.cpp">
      <Filter>Gori Problems\22_1_5</Filter>
    </ClCompile>
    <ClCompile Include="2374.cpp">
      <Filter>Gori Problems\22_1_5</Filter>
    </ClCompile>
    <ClCompile Include="6597.cpp">
      <Filter>Gori Problems\22_1_5</Filter>
    </ClCompile>
    <ClCompile Include="2309.cpp">
      <Filter>Gori Problems\22_1_5</Filter>
    </ClCompile>
    <ClCompile Include="20129.cpp">
      <Filter>Gori Problems\22_1_6</Filter>
    </ClCompile>
    <ClCompile Include="15901.cpp">
      <Filter>Gori Problems\22_1_7</Filter>
    </ClCompile>
    <ClCompile Include="15899.cpp">
      <Filter>Gori Problems\22_1_7</Filter>
    </ClCompile>
    <ClCompile Include="15898.cpp">
      <Filter>Gori Problems\22_1_7</Filter>
    </ClCompile>
    <ClCompile Include="15897.cpp">
      <Filter>Gori Problems\22_1_7</Filter>
    </ClCompile>
    <ClCompile Include="15900.cpp">
      <Filter>Gori Problems\22_1_7</Filter>
    </ClCompile>
    <ClCompile Include="15904.cpp">
      <Filter>Gori Problems\22_1_7</Filter>
    </ClCompile>
    <ClCompile Include="15894.cpp">
      <Filter>Gori Problems\22_1_7</Filter>
    </ClCompile>
    <ClCompile Include="27162.cpp">
      <Filter>Gori Problems\22_W_1%28Boardgame Cup%29</Filter>
    </ClCompile>
    <ClCompile Include="27165.cpp">
      <Filter>Gori Problems\22_W_1%28Boardgame Cup%29</Filter>
    </ClCompile>
    <ClCompile Include="27163(unso).cpp">
      <Filter>Gori Problems\22_W_1%28Boardgame Cup%29</Filter>
    </ClCompile>
    <ClCompile Include="27161.cpp">
      <Filter>Gori Problems\22_W_1%28Boardgame Cup%29</Filter>
    </ClCompile>
    <ClCompile Include="27160.cpp">
      <Filter>Gori Problems\22_W_1%28Boardgame Cup%29</Filter>
    </ClCompile>
    <ClCompile Include="27159.cpp">
      <Filter>Gori Problems\22_W_1%28Boardgame Cup%29</Filter>
    </ClCompile>
    <ClCompile Include="20930.cpp">
      <Filter>Gori Problems\22_W_2%28SinchonWCamp 2021%29</Filter>
    </ClCompile>
    <ClCompile Include="20928.cpp">
      <Filter>Gori Problems\22_W_2%28SinchonWCamp 2021%29</Filter>
    </ClCompile>
    <ClCompile Include="20921.cpp">
      <Filter>Gori Problems\22_W_2%28SinchonWCamp 2021%29</Filter>
    </ClCompile>
    <ClCompile Include="27087.cpp">
      <Filter>Gori Problems\22_W_3%28SciOI22%29</Filter>
    </ClCompile>
    <ClCompile Include="27085.cpp">
      <Filter>Gori Problems\22_W_3%28SciOI22%29</Filter>
    </ClCompile>
    <ClCompile Include="27084.cpp">
      <Filter>Gori Problems\22_W_3%28SciOI22%29</Filter>
    </ClCompile>
    <ClCompile Include="27377.cpp">
      <Filter>Gori Problems\22_W_5%28K2022Div2%29</Filter>
    </ClCompile>
    <ClCompile Include="27376.cpp">
      <Filter>Gori Problems\22_W_5%28K2022Div2%29</Filter>
    </ClCompile>
    <ClCompile Include="27375.cpp">
      <Filter>Gori Problems\22_W_5%28K2022Div2%29</Filter>
    </ClCompile>
    <ClCompile Include="12844.cpp">
      <Filter>Gori Problems\22_1_8</Filter>
    </ClCompile>
    <ClCompile Include="1395.cpp">
      <Filter>Gori Problems\22_1_8</Filter>
    </ClCompile>
    <ClCompile Include="15892.cpp">
      <Filter>Gori Problems\22_1_8</Filter>
    </ClCompile>
    <ClCompile Include="2188.cpp">
      <Filter>Gori Problems\22_1_8</Filter>
    </ClCompile>
    <ClCompile Include="15938.cpp">
      <Filter>Gori Problems\22_1_8</Filter>
    </ClCompile>
    <ClCompile Include="6086.cpp">
      <Filter>Gori Problems\22_1_8</Filter>
    </ClCompile>
    <ClCompile Include="2316.cpp">
      <Filter>Gori Problems\22_1_9</Filter>
    </ClCompile>
    <ClCompile Include="3653.cpp">
      <Filter>Gori Problems\22_1_9</Filter>
    </ClCompile>
    <ClCompile Include="11438.cpp">
      <Filter>Gori Problems\22_1_9</Filter>
    </ClCompile>
    <ClCompile Include="2305.cpp">
      <Filter>Gori Problems\22_1_9</Filter>
    </ClCompile>
    <ClCompile Include="2672.cpp">
      <Filter>Gori Problems\22_1_9</Filter>
    </ClCompile>
    <ClCompile Include="2138.cpp">
      <Filter>Gori Problems\22_1_9</Filter>
    </ClCompile>
    <ClCompile Include="2875.cpp">
      <Filter>Gori Problems\22_1_9</Filter>
    </ClCompile>
    <ClCompile Include="1067.cpp">
      <Filter>Gori Problems\22_1_10</Filter>
    </ClCompile>
    <ClCompile Include="3033.cpp">
      <Filter>Gori Problems\22_1_10</Filter>
    </ClCompile>
    <ClCompile Include="1637.cpp">
      <Filter>Gori Problems\22_1_10</Filter>
    </ClCompile>
    <ClCompile Include="17137.cpp">
      <Filter>Gori Problems\22_1_10</Filter>
    </ClCompile>
    <ClCompile Include="1509.cpp">
      <Filter>Gori Problems\22_1_10</Filter>
    </ClCompile>
    <ClCompile Include="1083.cpp">
      <Filter>Gori Problems\22_1_10</Filter>
    </ClCompile>
    <ClCompile Include="1790.cpp">
      <Filter>Gori Problems\22_1_10</Filter>
    </ClCompile>
    <ClCompile Include="1074.cpp">
      <Filter>Gori Problems\22_1_10</Filter>
    </ClCompile>
    <ClCompile Include="11967.cpp">
      <Filter>Gori Problems\22_1_11</Filter>
    </ClCompile>
    <ClCompile Include="1797.cpp">
      <Filter>Gori Problems\22_1_11</Filter>
    </ClCompile>
    <ClCompile Include="5859.cpp">
      <Filter>Gori Problems\22_1_11</Filter>
    </ClCompile>
    <ClCompile Include="1005.cpp">
      <Filter>Gori Problems\22_1_11</Filter>
    </ClCompile>
    <ClCompile Include="2252.cpp">
      <Filter>Gori Problems\22_1_11</Filter>
    </ClCompile>
    <ClCompile Include="2137.cpp">
      <Filter>Gori Problems\22_1_11</Filter>
    </ClCompile>
    <ClCompile Include="6068.cpp">
      <Filter>Gori Problems\22_1_11</Filter>
    </ClCompile>
    <ClCompile Include="14567.cpp">
      <Filter>Gori Problems\22_1_11</Filter>
    </ClCompile>
  </ItemGroup>
  <ItemGroup>
    <None Include="1012.py">
      <Filter>BOJ Source File\24. DFS와 BFS</Filter>
    </None>
  </ItemGroup>
</Project>